code.cloudfoundry.org/clock v0.0.0-20180518195852-02e53af36e6c h1:5eeuG0BHx1+DHeT3AP+ISKZ2ht1UjGhm581ljqYpVeQ=
code.cloudfoundry.org/clock v0.0.0-20180518195852-02e53af36e6c/go.mod h1:QD9Lzhd/ux6eNQVUDVRJX/RKTigpewimNYBi7ivZKY8=
dario.cat/mergo v1.0.1 h1:Ra4+bf83h2ztPIQYNP99R6m+Y7KfnARDfID+a+vLl4s=
dario.cat/mergo v1.0.1/go.mod h1:uNxQE+84aUszobStD9th8a29P2fMDhsBdgRYvZOxGmk=
github.com/Azure/azure-sdk-for-go/sdk/azcore v1.18.0 h1:Gt0j3wceWMwPmiazCa8MzMA0MfhmPIz0Qp0FJ6qcM0U=
github.com/Azure/azure-sdk-for-go/sdk/azcore v1.18.0/go.mod h1:Ot/6aikWnKWi4l9QB7qVSwa8iMphQNqkWALMoNT3rzM=
github.com/Azure/azure-sdk-for-go/sdk/azidentity v1.9.0 h1:OVoM452qUFBrX+URdH3VpR299ma4kfom0yB0URYky9g=
github.com/Azure/azure-sdk-for-go/sdk/azidentity v1.9.0/go.mod h1:kUjrAo8bgEwLeZ/CmHqNl3Z/kPm7y6FKfxxK0izYUg4=
github.com/Azure/azure-sdk-for-go/sdk/azidentity/cache v0.3.2 h1:yz1bePFlP5Vws5+8ez6T3HWXPmwOK7Yvq8QxDBD3SKY=
github.com/Azure/azure-sdk-for-go/sdk/azidentity/cache v0.3.2/go.mod h1:Pa9ZNPuoNu/GztvBSKk9J1cDJW6vk/n0zLtV4mgd8N8=
github.com/Azure/azure-sdk-for-go/sdk/internal v1.11.1 h1:FPKJS1T+clwv+OLGt13a8UjqeRuh0O4SJ3lUriThc+4=
github.com/Azure/azure-sdk-for-go/sdk/internal v1.11.1/go.mod h1:j2chePtV91HrC22tGoRX3sGY42uF13WzmmV80/OdVAA=
github.com/Azure/azure-sdk-for-go/sdk/resourcemanager/alertsmanagement/armalertsmanagement v0.10.0 h1:zSc/9W0WKtH/qpFlN1K2pQjMJLMTMJpWyexdjtexHtA=
github.com/Azure/azure-sdk-for-go/sdk/resourcemanager/alertsmanagement/armalertsmanagement v0.10.0/go.mod h1:AQQcirAE2A3+knMh7Voguwx+0txBqeDBaWu+ML1aMSc=
github.com/Azure/azure-sdk-for-go/sdk/resourcemanager/apimanagement/armapimanagement/v3 v3.0.0 h1:5aCs3yc/Ftlv/Le+Dr0P+oOuo/clB6fsfFwrm+DbNms=
github.com/Azure/azure-sdk-for-go/sdk/resourcemanager/apimanagement/armapimanagement/v3 v3.0.0/go.mod h1:4/JvtEOgU0r2lkVz8BImrFd0e7ZNQ74x+3k9swJzSmc=
github.com/Azure/azure-sdk-for-go/sdk/resourcemanager/appcontainers/armappcontainers/v3 v3.1.0 h1:ilMZ576u8sm975EqV+AKEtD4u9TLwqEo2XY9csPXBRo=
github.com/Azure/azure-sdk-for-go/sdk/resourcemanager/appcontainers/armappcontainers/v3 v3.1.0/go.mod h1:LGhzy+pg9AKr1Z7ZRyTC1qr1xNyVqLsqydvLdY+2iQk=
github.com/Azure/azure-sdk-for-go/sdk/resourcemanager/applicationinsights/armapplicationinsights v1.2.0 h1:7FX6sHNPamIAyukt6w9Gw5Qa5bu+gVN2Iy70yHc0xns=
github.com/Azure/azure-sdk-for-go/sdk/resourcemanager/applicationinsights/armapplicationinsights v1.2.0/go.mod h1:S7Ss6Rm0nlKDRHKrO9eL2Be5EnX29Z09CNPWgK7o4+I=
github.com/Azure/azure-sdk-for-go/sdk/resourcemanager/appplatform/armappplatform/v2 v2.0.0 h1:2YOdVbvqpAejYX2T8wlEh1kdS+r5mgQVV+9bSSnRU+M=
github.com/Azure/azure-sdk-for-go/sdk/resourcemanager/appplatform/armappplatform/v2 v2.0.0/go.mod h1:hLe8JXoHeYF+ZjF/6VV7lRfQzTV/hwW4YSdhcNuuen0=
github.com/Azure/azure-sdk-for-go/sdk/resourcemanager/appservice/armappservice/v4 v4.1.0 h1:dZurN2OdkxAZlaNw6cjEvo7uOonGFErtqQtos0RDl5Q=
github.com/Azure/azure-sdk-for-go/sdk/resourcemanager/appservice/armappservice/v4 v4.1.0/go.mod h1:/Qjzbz3yeXizRgrwP1lbwBIYYsAuMfDRWN0P5YbYgBM=
github.com/Azure/azure-sdk-for-go/sdk/resourcemanager/automation/armautomation v0.9.0 h1:pzgp0VZDAnmgAkUPeedW1dTd7v3kSrwxFNabFAzB158=
github.com/Azure/azure-sdk-for-go/sdk/resourcemanager/automation/armautomation v0.9.0/go.mod h1:RbDEpcty79BkGei2pfm6duP7QEeWlzpKSJ07XTna6+Y=
github.com/Azure/azure-sdk-for-go/sdk/resourcemanager/botservice/armbotservice v1.2.0 h1:RsM+VqnIUK6WLmKjIA0tbcZHdjoq9sVKaPTT4RrlnWs=
github.com/Azure/azure-sdk-for-go/sdk/resourcemanager/botservice/armbotservice v1.2.0/go.mod h1:d7OLd8MIV32CmujSnOFkT7R5N0YsV5qVI+WnKHzQujQ=
github.com/Azure/azure-sdk-for-go/sdk/resourcemanager/cdn/armcdn/v2 v2.2.0 h1:kkGnUaUolPw/VHvs15u2Dhep8t+CKNOD/pCsusVARoI=
github.com/Azure/azure-sdk-for-go/sdk/resourcemanager/cdn/armcdn/v2 v2.2.0/go.mod h1:pVreHmvznJ/D5Aqr8ZRO0UQx6VXJi84b7oYl0BgrWVo=
github.com/Azure/azure-sdk-for-go/sdk/resourcemanager/cognitiveservices/armcognitiveservices v1.7.0 h1:4exaC92+n1FzhSKb5Ghino2XEk3cClUtzvveL1U9YeM=
github.com/Azure/azure-sdk-for-go/sdk/resourcemanager/cognitiveservices/armcognitiveservices v1.7.0/go.mod h1:BkhZrH3JiVTkrTqCeYHOmqReFcZTYEMf8jcFDlrCJLk=
github.com/Azure/azure-sdk-for-go/sdk/resourcemanager/compute/armcompute/v5 v5.7.0 h1:LkHbJbgF3YyvC53aqYGR+wWQDn2Rdp9AQdGndf9QvY4=
github.com/Azure/azure-sdk-for-go/sdk/resourcemanager/compute/armcompute/v5 v5.7.0/go.mod h1:QyiQdW4f4/BIfB8ZutZ2s+28RAgfa/pT+zS++ZHyM1I=
github.com/Azure/azure-sdk-for-go/sdk/resourcemanager/costmanagement/armcostmanagement/v2 v2.1.0 h1:8+KuY4N/1QSlGCsAFnSLs9iLcSYirbyeDDhd6MD9a9c=
github.com/Azure/azure-sdk-for-go/sdk/resourcemanager/costmanagement/armcostmanagement/v2 v2.1.0/go.mod h1:pttKQoqOdBOfgSUaztac9Mk1ZK0SiZhyW9VQPKkW/7s=
github.com/Azure/azure-sdk-for-go/sdk/resourcemanager/datafactory/armdatafactory/v7 v7.0.0 h1:0kFVoHWNRGJE5N8dAaSkMaFGp1UhO43ICeZJFcLxHJI=
github.com/Azure/azure-sdk-for-go/sdk/resourcemanager/datafactory/armdatafactory/v7 v7.0.0/go.mod h1:7HeBNl53VshGDi84AM31jBKzkTyS6tVzYQ0mdrnQib0=
github.com/Azure/azure-sdk-for-go/sdk/resourcemanager/dataprotection/armdataprotection/v3 v3.1.0 h1:Yj6NV1y8Deg7leXETiM9gJ+peM9DxhLR3GmppUSH+a0=
github.com/Azure/azure-sdk-for-go/sdk/resourcemanager/dataprotection/armdataprotection/v3 v3.1.0/go.mod h1:4lNPcTKG4Zgad7aiZBmvLfIMX47eqr5BFzDjC4zggKU=
github.com/Azure/azure-sdk-for-go/sdk/resourcemanager/datashare/armdatashare v1.2.0 h1:5iPF3EaGy/cFiImQvKQFC8SbceEjFLYB4aLoFO1/WN8=
github.com/Azure/azure-sdk-for-go/sdk/resourcemanager/datashare/armdatashare v1.2.0/go.mod h1:yFddSyk5uaKMqOtoqjfdjZM1/lEnsc3btormisxwdAM=
github.com/Azure/azure-sdk-for-go/sdk/resourcemanager/desktopvirtualization/armdesktopvirtualization/v2 v2.3.0 h1:58Pq8MyJ4hT2rkkSaZ7gS25+Q1YdsNn+3nuAt+Sg0Yc=
github.com/Azure/azure-sdk-for-go/sdk/resourcemanager/desktopvirtualization/armdesktopvirtualization/v2 v2.3.0/go.mod h1:awlKdgQzRV48H2/m3VEhHQrHwqRpLqDEVkz4LvSgTEc=
github.com/Azure/azure-sdk-for-go/sdk/resourcemanager/devtestlabs/armdevtestlabs v1.2.0 h1:y8lZ96aehjdOLj9cyMYaSe+E/WdKD7cgY1jm/b6PrcQ=
github.com/Azure/azure-sdk-for-go/sdk/resourcemanager/devtestlabs/armdevtestlabs v1.2.0/go.mod h1:flt9Jc9/VQYy/rJymy+NwsObqvrrc6iLY6LlUPxLSuI=
github.com/Azure/azure-sdk-for-go/sdk/resourcemanager/digitaltwins/armdigitaltwins v1.2.0 h1:GD96b78rv9jhShcYcJauisgqyXBFgEaTAvUMaPiFl9w=
github.com/Azure/azure-sdk-for-go/sdk/resourcemanager/digitaltwins/armdigitaltwins v1.2.0/go.mod h1:ESqbgba0Fl1eop2bwoJ84Vmh+d093eDrYK2TdR9bKEM=
github.com/Azure/azure-sdk-for-go/sdk/resourcemanager/domainservices/armdomainservices v1.2.0 h1:JKoVKtCdEDYzQpKQJjFcHlImrZ3dDUNRCy8izcKWgCo=
github.com/Azure/azure-sdk-for-go/sdk/resourcemanager/domainservices/armdomainservices v1.2.0/go.mod h1:0qixQ1wRIrN0LxhKbkzR7kRIDu1jbNvotTvF8pN/Vss=
github.com/Azure/azure-sdk-for-go/sdk/resourcemanager/frontdoor/armfrontdoor v1.4.0 h1:dz5II+dFuMkrdpIkO9f/Ht3f8hnRUURiQdLj1hwKO5Q=
github.com/Azure/azure-sdk-for-go/sdk/resourcemanager/frontdoor/armfrontdoor v1.4.0/go.mod h1:0tuwjeZbMwLV7h1bcyfTlnXUH6GBKkPml8ukX6EoS3o=
github.com/Azure/azure-sdk-for-go/sdk/resourcemanager/hdinsight/armhdinsight v1.2.0 h1:jyICffWo5qt7iFHCMEOtt5HfByBcQGAxp3WLz56nbxc=
github.com/Azure/azure-sdk-for-go/sdk/resourcemanager/hdinsight/armhdinsight v1.2.0/go.mod h1:skx0SS3je4jPa5KT5Ckf3tmmwWzMZ46nl1l6xTdxOGE=
github.com/Azure/azure-sdk-for-go/sdk/resourcemanager/hybridkubernetes/armhybridkubernetes v1.2.0 h1:Mv/bQNTqVb4WxLuyc0GpeTwMZEJLyjP1+fqR3x4KdZA=
github.com/Azure/azure-sdk-for-go/sdk/resourcemanager/hybridkubernetes/armhybridkubernetes v1.2.0/go.mod h1:t1IEI21/6k/UmAXRIRy3E7tgpC2zbeyd9H3qk1EY5JA=
github.com/Azure/azure-sdk-for-go/sdk/resourcemanager/internal/v2 v2.0.0 h1:PTFGRSlMKCQelWwxUyYVEUqseBJVemLyqWJjvMyt0do=
github.com/Azure/azure-sdk-for-go/sdk/resourcemanager/internal/v2 v2.0.0/go.mod h1:LRr2FzBTQlONPPa5HREE5+RjSCTXl7BwOvYOaWTqCaI=
github.com/Azure/azure-sdk-for-go/sdk/resourcemanager/internal/v3 v3.1.0 h1:2qsIIvxVT+uE6yrNldntJKlLRgxGbZ85kgtz5SNBhMw=
github.com/Azure/azure-sdk-for-go/sdk/resourcemanager/internal/v3 v3.1.0/go.mod h1:AW8VEadnhw9xox+VaVd9sP7NjzOAnaZBLRH6Tq3cJ38=
github.com/Azure/azure-sdk-for-go/sdk/resourcemanager/iothub/armiothub v1.3.0 h1:NZP+oPbAVFy7PhQ4PTD3SuGWbEziNhp7lphGkkN707s=
github.com/Azure/azure-sdk-for-go/sdk/resourcemanager/iothub/armiothub v1.3.0/go.mod h1:djbLk3ngutFfQ9fSOM29UzywAkcBI1YUsuUnxTQGsqU=
github.com/Azure/azure-sdk-for-go/sdk/resourcemanager/keyvault/armkeyvault v1.5.0 h1:nnQ9vXH039UrEFxi08pPuZBE7VfqSJt343uJLw0rhWI=
github.com/Azure/azure-sdk-for-go/sdk/resourcemanager/keyvault/armkeyvault v1.5.0/go.mod h1:4YIVtzMFVsPwBvitCDX7J9sqthSj43QD1sP6fYc1egc=
github.com/Azure/azure-sdk-for-go/sdk/resourcemanager/kusto/armkusto/v2 v2.3.0 h1:5kp5bmJwJuF0HTsPUxRWRy44FxEatQAhv03nYdjXJ3s=
github.com/Azure/azure-sdk-for-go/sdk/resourcemanager/kusto/armkusto/v2 v2.3.0/go.mod h1:ULnv9Hl5nSpzNHHqJ3xX0kIZp5ZyLcLGHdXNQ8RwIk4=
github.com/Azure/azure-sdk-for-go/sdk/resourcemanager/logic/armlogic v1.2.0 h1:EMNgS+pCj2/2LL7+nWG8zPf9sp4u8icP5FNwoBhyc8M=
github.com/Azure/azure-sdk-for-go/sdk/resourcemanager/logic/armlogic v1.2.0/go.mod h1:TsM36SmGxYC24DiOTR9wPuBj5HYphihMC6xlnX536bE=
github.com/Azure/azure-sdk-for-go/sdk/resourcemanager/machinelearning/armmachinelearning/v4 v4.0.0 h1:H5ykGRBhX8CJKpB2tiRVut1DPbH7BnYKQ+orFTD7+JY=
github.com/Azure/azure-sdk-for-go/sdk/resourcemanager/machinelearning/armmachinelearning/v4 v4.0.0/go.mod h1:nivJvZio5SHpEASAk8LKIueqs7zEHU+iRLKWbx3Xi10=
github.com/Azure/azure-sdk-for-go/sdk/resourcemanager/managementgroups/armmanagementgroups v1.2.0 h1:akP6VpxJGgQRpDR1P462piz/8OhYLRCreDj48AyNabc=
github.com/Azure/azure-sdk-for-go/sdk/resourcemanager/managementgroups/armmanagementgroups v1.2.0/go.mod h1:8wzvopPfyZYPaQUoKW87Zfdul7jmJMDfp/k7YY3oJyA=
github.com/Azure/azure-sdk-for-go/sdk/resourcemanager/msi/armmsi v0.6.0 h1:zSHpZY39hfFpVNixDoFOUeLwBBX0SIRe32HaWg03R8k=
github.com/Azure/azure-sdk-for-go/sdk/resourcemanager/msi/armmsi v0.6.0/go.mod h1:Yu9z4VU4VeNRoZQMjAKwzXJpNAZ8SlyVg+yHyDVqvi8=
github.com/Azure/azure-sdk-for-go/sdk/resourcemanager/netapp/armnetapp/v7 v7.5.0 h1:EVUTdXtXYy2Fk4W9UukantrWmeb1Rwfqkd6X2k2HFo8=
github.com/Azure/azure-sdk-for-go/sdk/resourcemanager/netapp/armnetapp/v7 v7.5.0/go.mod h1:JA//9UWkJI1Eh6yd+VisRlPMkiFXWrsqJB2Fk+uuxLE=
github.com/Azure/azure-sdk-for-go/sdk/resourcemanager/network/armnetwork/v6 v6.2.0 h1:HYGD75g0bQ3VO/Omedm54v4LrD3B1cGImuRF3AJ5wLo=
github.com/Azure/azure-sdk-for-go/sdk/resourcemanager/network/armnetwork/v6 v6.2.0/go.mod h1:ulHyBFJOI0ONiRL4vcJTmS7rx18jQQlEPmAgo80cRdM=
github.com/Azure/azure-sdk-for-go/sdk/resourcemanager/operationalinsights/armoperationalinsights v1.2.0 h1:4FlNvfcPu7tTvOgOzXxIbZLvwvmZq1OdhQUdIa9g2N4=
github.com/Azure/azure-sdk-for-go/sdk/resourcemanager/operationalinsights/armoperationalinsights v1.2.0/go.mod h1:A4nzEXwVd5pAyneR6KOvUAo72svUc5rmCzRHhAbP6lA=
github.com/Azure/azure-sdk-for-go/sdk/resourcemanager/paloaltonetworksngfw/armpanngfw v1.1.0 h1:l7R5KiDnWg6UWIPTJM6IZBEuC8Baggds4fSju8s8jsk=
github.com/Azure/azure-sdk-for-go/sdk/resourcemanager/paloaltonetworksngfw/armpanngfw v1.1.0/go.mod h1:fue9nIyAfRRmBkpwfcPfoorEeQaVzOplTtFJPtAlerE=
github.com/Azure/azure-sdk-for-go/sdk/resourcemanager/recoveryservices/armrecoveryservicesbackup/v4 v4.2.0 h1:GOtQKZTIc4/HnWIEqGqtkMHLXIlwa4GpT8BB5JGH+tc=
github.com/Azure/azure-sdk-for-go/sdk/resourcemanager/recoveryservices/armrecoveryservicesbackup/v4 v4.2.0/go.mod h1:o1BW30aoyqKYcQKAMNWs0UAkT30Z2FZzmCNo7hrGHjM=
github.com/Azure/azure-sdk-for-go/sdk/resourcemanager/recoveryservices/armrecoveryservicessiterecovery/v2 v2.4.0 h1:1/IElew5rgk1/rYC3Cftd/c3xRsZS1mil7IMNQ0E1Dk=
github.com/Azure/azure-sdk-for-go/sdk/resourcemanager/recoveryservices/armrecoveryservicessiterecovery/v2 v2.4.0/go.mod h1:4gac/7LcHn+eBJVG/uOtieALAej7WZc3IpzVRqmlovk=
github.com/Azure/azure-sdk-for-go/sdk/resourcemanager/resourcegraph/armresourcegraph v0.9.0 h1:zLzoX5+W2l95UJoVwiyNS4dX8vHyQ6x2xRLoBBL9wMk=
github.com/Azure/azure-sdk-for-go/sdk/resourcemanager/resourcegraph/armresourcegraph v0.9.0/go.mod h1:wVEOJfGTj0oPAUGA1JuRAvz/lxXQsWW16axmHPP47Bk=
github.com/Azure/azure-sdk-for-go/sdk/resourcemanager/resources/armdeploymentscripts v1.0.0 h1:qd/BfXBy0s/cPn/hVVX+Ps0HolpC1NsHE2p+L2zB4C4=
github.com/Azure/azure-sdk-for-go/sdk/resourcemanager/resources/armdeploymentscripts v1.0.0/go.mod h1:P1SgXux7JvaLh0fwpYwtY2csL+RYAc033mNha1Txlm8=
github.com/Azure/azure-sdk-for-go/sdk/resourcemanager/resources/armdeploymentscripts/v2 v2.1.0 h1:7ecO0WTi0f+PkUxx+aiVV47fWlEvnWK5U/ugVIkA2AI=
github.com/Azure/azure-sdk-for-go/sdk/resourcemanager/resources/armdeploymentscripts/v2 v2.1.0/go.mod h1:Z/L21GxAYPs0rxPumw2mwazreYusXZhTwJGtEy0PB9A=
github.com/Azure/azure-sdk-for-go/sdk/resourcemanager/resources/armresources v1.2.0 h1:Dd+RhdJn0OTtVGaeDLZpcumkIVCtA/3/Fo42+eoYvVM=
github.com/Azure/azure-sdk-for-go/sdk/resourcemanager/resources/armresources v1.2.0/go.mod h1:5kakwfW5CjC9KK+Q4wjXAg+ShuIm2mBMua0ZFj2C8PE=
github.com/Azure/azure-sdk-for-go/sdk/resourcemanager/resources/armresources/v2 v2.0.0 h1:aVNbpKa5X7ZHD5DBYPma1FC8E+Z2cMxR9dcQTMA53jI=
github.com/Azure/azure-sdk-for-go/sdk/resourcemanager/resources/armresources/v2 v2.0.0/go.mod h1:rNdHBOgo+Y/KLowZQY0X8WY6u425uFlJwv29I+JHJ8o=
github.com/Azure/azure-sdk-for-go/sdk/resourcemanager/securityinsights/armsecurityinsights/v2 v2.0.0-beta.4 h1:kvo62he+mkbJPRJ3ob0vZlPUjiy1bbb09orYJ9fXrRM=
github.com/Azure/azure-sdk-for-go/sdk/resourcemanager/securityinsights/armsecurityinsights/v2 v2.0.0-beta.4/go.mod h1:twxqOHxCu1TZQAcOlLvIxQJAQ1UCzh+0I4ilL4inTAg=
github.com/Azure/azure-sdk-for-go/sdk/resourcemanager/sql/armsql v1.2.0 h1:S087deZ0kP1RUg4pU7w9U9xpUedTCbOtz+mnd0+hrkQ=
github.com/Azure/azure-sdk-for-go/sdk/resourcemanager/sql/armsql v1.2.0/go.mod h1:B4cEyXrWBmbfMDAPnpJ1di7MAt5DKP57jPEObAvZChg=
github.com/Azure/azure-sdk-for-go/sdk/resourcemanager/storage/armstorage v1.8.0 h1:LR0kAX9ykz8G4YgLCaRDVJ3+n43R8MneB5dTy2konZo=
github.com/Azure/azure-sdk-for-go/sdk/resourcemanager/storage/armstorage v1.8.0/go.mod h1:DWAciXemNf++PQJLeXUB4HHH5OpsAh12HZnu2wXE1jA=
github.com/Azure/azure-sdk-for-go/sdk/resourcemanager/storagecache/armstoragecache/v4 v4.0.0 h1:VP2jFfEJ71Nb57ETkCBvaRsnkfpVctfj+p6v0DANPbA=
github.com/Azure/azure-sdk-for-go/sdk/resourcemanager/storagecache/armstoragecache/v4 v4.0.0/go.mod h1:Aw86Pv0a+F+o9tE87WfhRb7v1wJlhZV1lrzmmCD3CL0=
github.com/Azure/azure-sdk-for-go/sdk/resourcemanager/storagemover/armstoragemover/v2 v2.2.0 h1:H/KANoPNCIumP6y47CQ8vD1Oz2iem/V+frLhbiNixO8=
github.com/Azure/azure-sdk-for-go/sdk/resourcemanager/storagemover/armstoragemover/v2 v2.2.0/go.mod h1:KtVe1NaTiHWR9OqlZz3oSs6rFwYVzm7hTAE5DJtjCWk=
github.com/Azure/azure-sdk-for-go/sdk/resourcemanager/storagepool/armstoragepool v1.2.0 h1:MK3nxxYFtJBW1JLl721V6bVvU3WzAGWVQF49eT7qPDo=
github.com/Azure/azure-sdk-for-go/sdk/resourcemanager/storagepool/armstoragepool v1.2.0/go.mod h1:rDzquvMnukruAUAPk0UEcKyTvmFUMqYQcO+IrdHNu5Q=
github.com/Azure/azure-sdk-for-go/sdk/resourcemanager/streamanalytics/armstreamanalytics v1.2.0 h1:8ehl8bxzEJYOaYZkND13b0j+wuTrkkYo3n4jztCMTuc=
github.com/Azure/azure-sdk-for-go/sdk/resourcemanager/streamanalytics/armstreamanalytics v1.2.0/go.mod h1:yJZJkwBRvEBFS8xdvkbq+p1xTXv8JsnDat+k1Ldrubc=
github.com/Azure/azure-sdk-for-go/sdk/resourcemanager/synapse/armsynapse v0.8.0 h1:IKCilT2DdxjeCXhiCIZb5hywpA1KDGKwpdA1WL20wT0=
github.com/Azure/azure-sdk-for-go/sdk/resourcemanager/synapse/armsynapse v0.8.0/go.mod h1:IzuvA34YNVnlifc1+KhCouAKEf1VYzV439FOpyfTHzA=
github.com/Azure/azure-sdk-for-go/sdk/resourcemanager/timeseriesinsights/armtimeseriesinsights v1.2.0 h1:V6YgkjOvo3b3yTvEL4sHJxkDcBZAL7v1/XaBkTKIivg=
github.com/Azure/azure-sdk-for-go/sdk/resourcemanager/timeseriesinsights/armtimeseriesinsights v1.2.0/go.mod h1:ewCONYPXv4ihgs+VFiJBHXRXjVB1xrxk2qsX+ZHlCnE=
github.com/Azure/azure-sdk-for-go/sdk/resourcemanager/webpubsub/armwebpubsub v1.3.0 h1:NyzzELDBMwCl+jHnUAEzv/4t9tp0vVn78vUou/7yqvM=
github.com/Azure/azure-sdk-for-go/sdk/resourcemanager/webpubsub/armwebpubsub v1.3.0/go.mod h1:3cqAZX7JxhdbywHK3b1iaO/VcP9Kv+yvZ/s44EO2+LI=
github.com/Azure/azure-sdk-for-go/sdk/resourcemanager/workloads/armworkloads v1.1.0 h1:kW9b3n/hV4/JgghAPinYHolJtocM/gPNCaeuqLqXzpc=
github.com/Azure/azure-sdk-for-go/sdk/resourcemanager/workloads/armworkloads v1.1.0/go.mod h1:G2hOQegwo7b7uqWaKRfqt6GG3x/eOnUA3qhT49fQRwA=
github.com/AzureAD/microsoft-authentication-extensions-for-go/cache v0.1.1 h1:WJTmL004Abzc5wDB5VtZG2PJk5ndYDgVacGqfirKxjM=
github.com/AzureAD/microsoft-authentication-extensions-for-go/cache v0.1.1/go.mod h1:tCcJZ0uHAmvjsVYzEFivsRTN00oz5BEsRgQHu5JZ9WE=
github.com/AzureAD/microsoft-authentication-library-for-go v1.4.2 h1:oygO0locgZJe7PpYPXT5A29ZkwJaPqcva7BVeemZOZs=
github.com/AzureAD/microsoft-authentication-library-for-go v1.4.2/go.mod h1:wP83P5OoQ5p6ip3ScPr0BAq0BvuPAvacpEuSzyouqAI=
github.com/Microsoft/go-winio v0.6.2 h1:F2VQgta7ecxGYO8k3ZZz3RS8fVIXVxONVUPlNERoyfY=
github.com/Microsoft/go-winio v0.6.2/go.mod h1:yd8OoFMLzJbo9gZq8j5qaps8bJ9aShtEA8Ipt1oGCvU=
github.com/ProtonMail/go-crypto v1.1.6 h1:ZcV+Ropw6Qn0AX9brlQLAUXfqLBc7Bl+f/DmNxpLfdw=
github.com/ProtonMail/go-crypto v1.1.6/go.mod h1:rA3QumHc/FZ8pAHreoekgiAbzpNsfQAosU5td4SnOrE=
github.com/agext/levenshtein v1.2.3 h1:YB2fHEn0UJagG8T1rrWknE3ZQzWM06O8AMAatNn7lmo=
github.com/agext/levenshtein v1.2.3/go.mod h1:JEDfjyjHDjOF/1e4FlBE/PkbqA9OfWu2ki2W0IB5558=
github.com/apparentlymart/go-dump v0.0.0-20190214190832-042adf3cf4a0 h1:MzVXffFUye+ZcSR6opIgz9Co7WcDx6ZcY+RjfFHoA0I=
github.com/apparentlymart/go-dump v0.0.0-20190214190832-042adf3cf4a0/go.mod h1:oL81AME2rN47vu18xqj1S1jPIPuN7afo62yKTNn3XMM=
github.com/apparentlymart/go-textseg/v15 v15.0.0 h1:uYvfpb3DyLSCGWnctWKGj857c6ew1u1fNQOlOtuGxQY=
github.com/apparentlymart/go-textseg/v15 v15.0.0/go.mod h1:K8XmNZdhEBkdlyDdvbmmsvpAG721bKi0joRfFdHIWJ4=
github.com/atotto/clipboard v0.1.4 h1:EH0zSVneZPSuFR11BlR9YppQTVDbh5+16AmcJi4g1z4=
github.com/atotto/clipboard v0.1.4/go.mod h1:ZY9tmq7sm5xIbd9bOK4onWV4S6X0u6GY7Vn0Yu86PYI=
github.com/bufbuild/protocompile v0.4.0 h1:LbFKd2XowZvQ/kajzguUp2DC9UEIQhIq77fZZlaQsNA=
github.com/bufbuild/protocompile v0.4.0/go.mod h1:3v93+mbWn/v3xzN+31nwkJfrEpAUwp+BagBSZWx+TP8=
github.com/cespare/xxhash/v2 v2.3.0 h1:UL815xU9SqsFlibzuggzjXhog7bL6oX9BbNZnL2UFvs=
github.com/cespare/xxhash/v2 v2.3.0/go.mod h1:VGX0DQ3Q6kWi7AoAeZDth3/j3BFtOZR5XLFGgcrjCOs=
github.com/charmbracelet/bubbles v0.14.0 h1:DJfCwnARfWjZLvMglhSQzo76UZ2gucuHPy9jLWX45Og=
github.com/charmbracelet/bubbles v0.14.0/go.mod h1:bbeTiXwPww4M031aGi8UK2HT9RDWoiNibae+1yCMtcc=
github.com/charmbracelet/bubbletea v0.21.0/go.mod h1:GgmJMec61d08zXsOhqRC/AiOx4K4pmz+VIcRIm1FKr4=
github.com/charmbracelet/bubbletea v0.22.1 h1:z66q0LWdJNOWEH9zadiAIXp2GN1AWrwNXU8obVY9X24=
github.com/charmbracelet/bubbletea v0.22.1/go.mod h1:8/7hVvbPN6ZZPkczLiB8YpLkLJ0n7DMho5Wvfd2X1C0=
github.com/charmbracelet/harmonica v0.2.0 h1:8NxJWRWg/bzKqqEaaeFNipOu77YR5t8aSwG4pgaUBiQ=
github.com/charmbracelet/harmonica v0.2.0/go.mod h1:KSri/1RMQOZLbw7AHqgcBycp8pgJnQMYYT8QZRqZ1Ao=
github.com/charmbracelet/lipgloss v0.5.0 h1:lulQHuVeodSgDez+3rGiuxlPVXSnhth442DATR2/8t8=
github.com/charmbracelet/lipgloss v0.5.0/go.mod h1:EZLha/HbzEt7cYqdFPovlqy5FZPj0xFhg5SaqxScmgs=
github.com/chzyer/logex v1.1.10/go.mod h1:+Ywpsq7O8HXn0nuIou7OrIPyXbp3wmkHB+jjWRnGsAI=
github.com/chzyer/readline v0.0.0-20180603132655-2972be24d48e/go.mod h1:nSuG5e5PlCu98SY8svDHJxuZscDgtXS6KTTbou5AhLI=
github.com/chzyer/test v0.0.0-20180213035817-a1ea475d72b1/go.mod h1:Q3SI9o4m/ZMnBNeIyt5eFwwo7qiLfzFZmjNmxjkiQlU=
github.com/cloudflare/circl v1.6.0 h1:cr5JKic4HI+LkINy2lg3W2jF8sHCVTBncJr5gIIq7qk=
github.com/cloudflare/circl v1.6.0/go.mod h1:uddAzsPgqdMAYatqJ0lsjX1oECcQLIlRpzZh3pJrofs=
github.com/containerd/console v1.0.3 h1:lIr7SlA5PxZyMV30bDW0MGbiOPXwc63yRuCP0ARubLw=
github.com/containerd/console v1.0.3/go.mod h1:7LqA/THxQ86k76b8c/EMSiaJ3h1eZkMkXar0TQ1gf3U=
github.com/cpuguy83/go-md2man/v2 v2.0.7 h1:zbFlGlXEAKlwXpmvle3d8Oe3YnkKIK4xSRTd3sHPnBo=
github.com/cpuguy83/go-md2man/v2 v2.0.7/go.mod h1:oOW0eioCTA6cOiMLiUPZOpcVxMig6NIQQ7OS05n1F4g=
github.com/cyphar/filepath-securejoin v0.4.1 h1:JyxxyPEaktOD+GAnqIqTf9A8tHyAG22rowi7HkoSU1s=
github.com/cyphar/filepath-securejoin v0.4.1/go.mod h1:Sdj7gXlvMcPZsbhwhQ33GguGLDGQL7h7bg04C/+u9jI=
github.com/davecgh/go-spew v1.1.0/go.mod h1:J7Y8YcW2NihsgmVo/mv3lAwl/skON4iLHjSsI+c5H38=
github.com/davecgh/go-spew v1.1.1 h1:vj9j/u1bqnvCEfJOwUhtlOARqs3+rkHYY13jYWTU97c=
github.com/davecgh/go-spew v1.1.1/go.mod h1:J7Y8YcW2NihsgmVo/mv3lAwl/skON4iLHjSsI+c5H38=
github.com/dgryski/go-rendezvous v0.0.0-20200823014737-9f7001d12a5f h1:lO4WD4F/rVNCu3HqELle0jiPLLBs70cWOduZpkS1E78=
github.com/dgryski/go-rendezvous v0.0.0-20200823014737-9f7001d12a5f/go.mod h1:cuUVRXasLTGF7a8hSLbxyZXjz+1KgoB3wDUb6vlszIc=
github.com/emirpasic/gods v1.18.1 h1:FXtiHYKDGKCW2KzwZKx0iC0PQmdlorYgdFG9jPXJ1Bc=
github.com/emirpasic/gods v1.18.1/go.mod h1:8tpGGwCnJ5H4r6BWwaV6OrWmMoPhUl5jm/FMNAnJvWQ=
github.com/fatih/color v1.13.0/go.mod h1:kLAiJbzzSOZDVNGyDpeOxJ47H46qBXwg5ILebYFFOfk=
github.com/fatih/color v1.18.0 h1:S8gINlzdQ840/4pfAwic/ZE0djQEH3wM94VfqLTZcOM=
github.com/fatih/color v1.18.0/go.mod h1:4FelSpRwEGDpQ12mAdzqdOukCy4u8WUtOY6lkT/6HfU=
github.com/felixge/fgprof v0.9.3 h1:VvyZxILNuCiUCSXtPtYmmtGvb65nqXh2QFWc0Wpf2/g=
github.com/felixge/fgprof v0.9.3/go.mod h1:RdbpDgzqYVh/T9fPELJyV7EYJuHB55UTEULNun8eiPw=
github.com/fsnotify/fsnotify v1.4.7/go.mod h1:jwhsz4b93w/PPRr/qN1Yymfu8t87LnFCMoQvtojpjFo=
github.com/go-git/gcfg v1.5.1-0.20230307220236-3a3c6141e376 h1:+zs/tPmkDkHx3U66DAb0lQFJrpS6731Oaa12ikc+DiI=
github.com/go-git/gcfg v1.5.1-0.20230307220236-3a3c6141e376/go.mod h1:an3vInlBmSxCcxctByoQdvwPiA7DTK7jaaFDBTtu0ic=
github.com/go-git/go-billy/v5 v5.6.2 h1:6Q86EsPXMa7c3YZ3aLAQsMA0VlWmy43r6FHqa/UNbRM=
github.com/go-git/go-billy/v5 v5.6.2/go.mod h1:rcFC2rAsp/erv7CMz9GczHcuD0D32fWzH+MJAU+jaUU=
github.com/go-git/go-git/v5 v5.14.0 h1:/MD3lCrGjCen5WfEAzKg00MJJffKhC8gzS80ycmCi60=
github.com/go-git/go-git/v5 v5.14.0/go.mod h1:Z5Xhoia5PcWA3NF8vRLURn9E5FRhSl7dGj9ItW3Wk5k=
github.com/go-logr/logr v1.4.2 h1:6pFjapn8bFcIbiKo3XT4j/BhANplGihG6tvd+8rYgrY=
github.com/go-logr/logr v1.4.2/go.mod h1:9T104GzyrTigFIr8wt5mBrctHMim0Nb2HLGrmQ40KvY=
github.com/go-logr/stdr v1.2.2 h1:hSWxHoqTgW2S2qGc0LTAI563KZ5YKYRhT3MFKZMbjag=
github.com/go-logr/stdr v1.2.2/go.mod h1:mMo/vtBO5dYbehREoey6XUKy/eSumjCCveDpRre4VKE=
github.com/go-test/deep v1.0.3 h1:ZrJSEWsXzPOxaZnFteGEfooLba+ju3FYIbOrS+rQd68=
github.com/go-test/deep v1.0.3/go.mod h1:wGDj63lr65AM2AQyKZd/NYHGb0R+1RLqB8NKt3aSFNA=
github.com/gofrs/uuid v3.3.0+incompatible h1:8K4tyRfvU1CYPgJsveYFQMhpFd/wXNM7iK6rR7UHz84=
github.com/gofrs/uuid v3.3.0+incompatible/go.mod h1:b2aQJv3Z4Fp6yNu3cdSllBxTCLRxnplIgP/c0N/04lM=
github.com/golang-jwt/jwt/v5 v5.2.2 h1:Rl4B7itRWVtYIHFrSNd7vhTiz9UpLdi6gZhZ3wEeDy8=
github.com/golang-jwt/jwt/v5 v5.2.2/go.mod h1:pqrtFR0X4osieyHYxtmOUWsAWrfe1Q5UVIyoH402zdk=
github.com/golang/groupcache v0.0.0-20241129210726-2c02b8208cf8 h1:f+oWsMOmNPc8JmEHVZIycC7hBoQxHH9pNKQORJNozsQ=
github.com/golang/groupcache v0.0.0-20241129210726-2c02b8208cf8/go.mod h1:wcDNUvekVysuuOpQKo3191zZyTpiI6se1N1ULghS0sw=
github.com/golang/protobuf v1.2.0/go.mod h1:6lQm79b+lXiMfvg/cZm0SGofjICqVBUtrP5yJMmIC1U=
github.com/golang/protobuf v1.5.4 h1:i7eJL8qZTpSEXOPTxNKhASYpMn+8e5Q6AdndVa1dWek=
github.com/golang/protobuf v1.5.4/go.mod h1:lnTiLA8Wa4RWRcIUkrtSVa5nRhsEGBg48fD6rSs7xps=
github.com/google/go-cmp v0.7.0 h1:wk8382ETsv4JYUZwIsn6YpYiWiBsYLSJiTsyBybVuN8=
github.com/google/go-cmp v0.7.0/go.mod h1:pXiqmnSA92OHEEa9HXL2W4E7lf9JzCmGVUdgjX3N/iU=
github.com/google/pprof v0.0.0-20211214055906-6f57359322fd h1:1FjCyPC+syAzJ5/2S8fqdZK1R22vvA0J7JZKcuOIQ7Y=
github.com/google/pprof v0.0.0-20211214055906-6f57359322fd/go.mod h1:KgnwoLYCZ8IQu3XUZ8Nc/bM9CCZFOyjUNOSygVozoDg=
github.com/google/uuid v1.6.0 h1:NIvaJDMOsjHA8n1jAhLSgzrAzy1Hgr+hNrb57e+94F0=
github.com/google/uuid v1.6.0/go.mod h1:TIyPZe4MgqvfeYDBFedMoGGpEw/LqOeaOT+nhxU+yHo=
github.com/hashicorp/errwrap v1.0.0/go.mod h1:YH+1FKiLXxHSkmPseP+kNlulaMuP3n2brvKWEqk/Jc4=
github.com/hashicorp/errwrap v1.1.0 h1:OxrOeh75EUXMY8TBjag2fzXGZ40LB6IKw45YeGUDY2I=
github.com/hashicorp/errwrap v1.1.0/go.mod h1:YH+1FKiLXxHSkmPseP+kNlulaMuP3n2brvKWEqk/Jc4=
github.com/hashicorp/go-checkpoint v0.5.0 h1:MFYpPZCnQqQTE18jFwSII6eUQrD/oxMFp3mlgcqk5mU=
github.com/hashicorp/go-checkpoint v0.5.0/go.mod h1:7nfLNL10NsxqO4iWuW6tWW0HjZuDrwkBuEQsVcpCOgg=
github.com/hashicorp/go-cleanhttp v0.5.2 h1:035FKYIWjmULyFRBKPs8TBQoi0x6d9G4xc9neXJWAZQ=
github.com/hashicorp/go-cleanhttp v0.5.2/go.mod h1:kO/YDlP8L1346E6Sodw+PrpBSV4/SoxCXGY6BqNFT48=
github.com/hashicorp/go-hclog v1.6.3 h1:Qr2kF+eVWjTiYmU7Y31tYlP1h0q/X3Nl3tPGdaB11/k=
github.com/hashicorp/go-hclog v1.6.3/go.mod h1:W4Qnvbt70Wk/zYJryRzDRU/4r0kIg0PVHBcfoyhpF5M=
github.com/hashicorp/go-multierror v1.1.1 h1:H5DkEtf6CXdFp0N0Em5UCwQpXMWke8IA0+lD48awMYo=
github.com/hashicorp/go-multierror v1.1.1/go.mod h1:iw975J/qwKPdAO1clOe2L8331t/9/fmwbPZ6JB6eMoM=
github.com/hashicorp/go-plugin v1.6.0 h1:wgd4KxHJTVGGqWBq4QPB1i5BZNEx9BR8+OFmHDmTk8A=
github.com/hashicorp/go-plugin v1.6.0/go.mod h1:lBS5MtSSBZk0SHc66KACcjjlU6WzEVP/8pwz68aMkCI=
github.com/hashicorp/go-retryablehttp v0.7.7 h1:C8hUCYzor8PIfXHa4UrZkU4VvK8o9ISHxT2Q8+VepXU=
github.com/hashicorp/go-retryablehttp v0.7.7/go.mod h1:pkQpWZeYWskR+D1tR2O5OcBFOxfA7DoAO6xtkuQnHTk=
github.com/hashicorp/go-uuid v1.0.3 h1:2gKiV6YVmrJ1i2CKKa9obLvRieoRGviZFL26PcT/Co8=
github.com/hashicorp/go-uuid v1.0.3/go.mod h1:6SBZvOh/SIDV7/2o3Jml5SYk/TvGqwFJ/bN7x4byOro=
github.com/hashicorp/go-version v1.7.0 h1:5tqGy27NaOTB8yJKUZELlFAS/LTKJkrmONwQKeRZfjY=
github.com/hashicorp/go-version v1.7.0/go.mod h1:fltr4n8CU8Ke44wwGCBoEymUuxUHl09ZGVZPK5anwXA=
github.com/hashicorp/hc-install v0.9.2 h1:v80EtNX4fCVHqzL9Lg/2xkp62bbvQMnvPQ0G+OmtO24=
github.com/hashicorp/hc-install v0.9.2/go.mod h1:XUqBQNnuT4RsxoxiM9ZaUk0NX8hi2h+Lb6/c0OZnC/I=
github.com/hashicorp/hcl v0.0.0-20170504190234-a4b07c25de5f h1:UdxlrJz4JOnY8W+DbLISwf2B8WXEolNRA8BGCwI9jws=
github.com/hashicorp/hcl v0.0.0-20170504190234-a4b07c25de5f/go.mod h1:oZtUIOe8dh44I2q6ScRibXws4Ajl+d+nod3AaR9vL5w=
github.com/hashicorp/hcl/v2 v2.23.0 h1:Fphj1/gCylPxHutVSEOf2fBOh1VE4AuLV7+kbJf3qos=
github.com/hashicorp/hcl/v2 v2.23.0/go.mod h1:62ZYHrXgPoX8xBnzl8QzbWq4dyDsDtfCRgIq1rbJEvA=
github.com/hashicorp/terraform-config-inspect v0.0.0-20221020162138-81db043ad408 h1:dol/gV6vq/QBI1lGTxUEUGr8ixcs4SU79lgCoRMg3pU=
github.com/hashicorp/terraform-config-inspect v0.0.0-20221020162138-81db043ad408/go.mod h1:EAaqp5h9PsUNr6NtgLj31w+ElcCEL+1Svw1Jw+MTVKU=
github.com/hashicorp/terraform-exec v0.23.0 h1:MUiBM1s0CNlRFsCLJuM5wXZrzA3MnPYEsiXmzATMW/I=
github.com/hashicorp/terraform-exec v0.23.0/go.mod h1:mA+qnx1R8eePycfwKkCRk3Wy65mwInvlpAeOwmA7vlY=
github.com/hashicorp/terraform-json v0.24.0 h1:rUiyF+x1kYawXeRth6fKFm/MdfBS6+lW4NbeATsYz8Q=
github.com/hashicorp/terraform-json v0.24.0/go.mod h1:Nfj5ubo9xbu9uiAoZVBsNOjvNKB66Oyrvtit74kC7ow=
github.com/hashicorp/terraform-plugin-go v0.23.0 h1:AALVuU1gD1kPb48aPQUjug9Ir/125t+AAurhqphJ2Co=
github.com/hashicorp/terraform-plugin-go v0.23.0/go.mod h1:1E3Cr9h2vMlahWMbsSEcNrOCxovCZhOOIXjFHbjc/lQ=
github.com/hashicorp/yamux v0.1.1 h1:yrQxtgseBDrq9Y652vSRDvsKCJKOUD+GzTS4Y0Y8pvE=
github.com/hashicorp/yamux v0.1.1/go.mod h1:CtWFDAQgb7dxtzFs4tWbplKIe2jSi3+5vKbgIO0SLnQ=
github.com/hexops/gotextdiff v1.0.3 h1:gitA9+qJrrTCsiCl7+kh75nPqQt1cx4ZkudSTLoUqJM=
github.com/hexops/gotextdiff v1.0.3/go.mod h1:pSWU5MAI3yDq+fZBTazCSJysOMbxWL1BSow5/V2vxeg=
github.com/hpcloud/tail v1.0.0/go.mod h1:ab1qPbhIpdTxEkNHXyeSf5vhxWSCs/tWer42PpOxQnU=
github.com/ianlancetaylor/demangle v0.0.0-20210905161508-09a460cdf81d/go.mod h1:aYm2/VgdVmcIU8iMfdMvDMsRAQjcfZSKFby6HOFvi/w=
github.com/jbenet/go-context v0.0.0-20150711004518-d14ea06fba99 h1:BQSFePA1RWJOlocH6Fxy8MmwDt+yVQYULKfN0RoTN8A=
github.com/jbenet/go-context v0.0.0-20150711004518-d14ea06fba99/go.mod h1:1lJo3i6rXxKeerYnT8Nvf0QmHCRC1n8sfWVwXF2Frvo=
github.com/jhump/protoreflect v1.15.1 h1:HUMERORf3I3ZdX05WaQ6MIpd/NJ434hTp5YiKgfCL6c=
github.com/jhump/protoreflect v1.15.1/go.mod h1:jD/2GMKKE6OqX8qTjhADU1e6DShO+gavG9e0Q693nKo=
github.com/kevinburke/ssh_config v1.2.0 h1:x584FjTGwHzMwvHx18PXxbBVzfnxogHaAReU4gf13a4=
github.com/kevinburke/ssh_config v1.2.0/go.mod h1:CT57kijsi8u/K/BOFA39wgDQJ9CxiF4nAY/ojJ6r6mM=
github.com/keybase/go-keychain v0.0.1 h1:way+bWYa6lDppZoZcgMbYsvC7GxljxrskdNInRtuthU=
github.com/keybase/go-keychain v0.0.1/go.mod h1:PdEILRW3i9D8JcdM+FmY6RwkHGnhHxXwkPPMeUgOK1k=
github.com/kr/pretty v0.1.0/go.mod h1:dAy3ld7l9f0ibDNOQOHHMYYIIbhfbHSm3C4ZsoJORNo=
github.com/kr/pretty v0.3.1 h1:flRD4NNwYAUpkphVc1HcthR4KEIFJ65n8Mw5qdRn3LE=
github.com/kr/pretty v0.3.1/go.mod h1:hoEshYVHaxMs3cyo3Yncou5ZscifuDolrwPKZanG3xk=
github.com/kr/pty v1.1.1/go.mod h1:pFQYn66WHrOpPYNljwOMqo10TkYh1fy3cYio2l3bCsQ=
github.com/kr/text v0.1.0/go.mod h1:4Jbv+DJW3UT/LiOwJeYQe1efqtUx/iVham/4vfdArNI=
github.com/kr/text v0.2.0 h1:5Nx0Ya0ZqY2ygV366QzturHI13Jq95ApcVaJBhpS+AY=
github.com/kr/text v0.2.0/go.mod h1:eLer722TekiGuMkidMxC/pM04lWEeraHUUmBw8l2grE=
github.com/kylelemons/godebug v1.1.0 h1:RPNrshWIDI6G2gRW9EHilWtl7Z6Sb1BR0xunSBf0SNc=
github.com/kylelemons/godebug v1.1.0/go.mod h1:9/0rRGxNHcop5bhtWyNeEfOS8JIWk580+fNqagV/RAw=
github.com/lucasb-eyer/go-colorful v1.2.0 h1:1nnpGOrhyZZuNyfu1QjKiUICQ74+3FNCN69Aj6K7nkY=
github.com/lucasb-eyer/go-colorful v1.2.0/go.mod h1:R4dSotOR9KMtayYi1e77YzuveK+i7ruzyGqttikkLy0=
github.com/magodo/armid v0.0.0-20240524082432-7ce06ae46c33 h1:KmQ16pNsI7DaELU+CbqZKXVdvkE/YXqMH6LLkp6rw/Y=
github.com/magodo/armid v0.0.0-20240524082432-7ce06ae46c33/go.mod h1:rR8E7zfGMbmfnSQvrkFiWYdhrfTqsVSltelnZB09BwA=
github.com/magodo/azlist v0.0.0-20250429005249-2b51aca0f1e1 h1:fZiuTRpB70qS2b7QPtXPgWi+tTTaFQYiLPmjxGyWS7M=
github.com/magodo/azlist v0.0.0-20250429005249-2b51aca0f1e1/go.mod h1:uRr4kq5cpk4NIUuT1q6ZYYfYSIHO5Z7XlHeN9c2mlKs=
github.com/magodo/aztft v0.3.1-0.20250606003245-7222b835cdcc h1:bLGK1TzoWNdEgal5aV+68LD0PKUyrRXlkTz9quVIn+E=
github.com/magodo/aztft v0.3.1-0.20250606003245-7222b835cdcc/go.mod h1:t83k9NbdobHHhjtz6MFetOSRqiKfaNfbBpowxZyzYtw=
github.com/magodo/slog2hclog v0.0.0-20240614031327-090ebd72a033 h1:K2seYsMAzoICCLdDe7uU2WyaACLW+tvdTWG3QB+pyec=
github.com/magodo/slog2hclog v0.0.0-20240614031327-090ebd72a033/go.mod h1:8PvdX1kpjMEmR7LTNZ0QulFpD9j3E/eJijru+4nHY7M=
github.com/magodo/spinner v0.0.0-20240524082745-3a2305db1bdc h1:I/jBt/0pVX7/Z08qj7ZSzZjTFBvvDchIX2p9lFjKqs0=
github.com/magodo/spinner v0.0.0-20240524082745-3a2305db1bdc/go.mod h1:Cn4fFwFH/Ddw9sjWPeSS72bNaxbM+FRXf7pkGEDReq8=
github.com/magodo/terraform-client-go v0.0.0-20240804032252-6d93a97fabb2 h1:X2ph6HDW/T2pFmLAO8cH0mzB02Dwb07oX4/1r6ommOY=
github.com/magodo/terraform-client-go v0.0.0-20240804032252-6d93a97fabb2/go.mod h1:dzTs6Qwy8/VUWYMQ+Vo9gMXe5uOVbfCw/1ovE3g5q1E=
github.com/magodo/textinput v0.0.0-20210913072708-7d24f2b4b0c0 h1:aNtr4iNv/tex2t8W1u3scAoNHEnFlTKhNNHOpYStqbs=
github.com/magodo/textinput v0.0.0-20210913072708-7d24f2b4b0c0/go.mod h1:MqYhNP+PC386Bjsx5piZe7T4vDm5QIPv8b1RU0prVnU=
github.com/magodo/tfadd v0.10.1-0.20250616031648-03c49529cf39 h1:LV5K+77eWvkD/jhSyLDFeMWVGwIGk/gVaYwECdbjwu8=
github.com/magodo/tfadd v0.10.1-0.20250616031648-03c49529cf39/go.mod h1:ruAjiBvU9dzGQDUHxJWxId/l9nmGppJtZ3Tx6nLxa5I=
github.com/magodo/tfmerge v0.0.0-20221214062955-f52e46d03402 h1:RyaR4VE7hoR9AyoVH414cpM8V63H4rLe2aZyKdoDV1w=
github.com/magodo/tfmerge v0.0.0-20221214062955-f52e46d03402/go.mod h1:ssV++b4DH33rsD592bvpS4Peng3ZfdGNZbFgCDkCfj8=
github.com/magodo/tfpluginschema v0.0.0-20240902090353-0525d7d8c1c2 h1:Unxx8WLxzSxINnq7hItp4cXD7drihgfPltTd91efoBo=
github.com/magodo/tfpluginschema v0.0.0-20240902090353-0525d7d8c1c2/go.mod h1:mh3baLIzKdhegfmLrAX+mpXQBvs4sqiDRTGx5Z5FGo0=
github.com/magodo/tfstate v0.0.0-20241016043929-2c95177bf0e6 h1:Uy+WlvEHfZEVTs1Xf5N+177FTdPHx+mWUvsXHR4tGM4=
github.com/magodo/tfstate v0.0.0-20241016043929-2c95177bf0e6/go.mod h1:cm1odSE6eUeMQRjYRARg1sWLP3HPsWjwvmk/+T4eQxs=
github.com/magodo/workerpool v0.0.0-20240524082508-11838001bc35 h1:gZ6HFiQUDhH8EfayofbH5mpN64U6X+LZFe4IT6TbE+4=
github.com/magodo/workerpool v0.0.0-20240524082508-11838001bc35/go.mod h1:oI7XLq0SfJZISAwYhT7DHmi1Fqbr1Q8ZE8gegIe7iAI=
github.com/mattn/go-colorable v0.1.9/go.mod h1:u6P/XSegPjTcexA+o6vUJrdnUu04hMope9wVRipJSqc=
github.com/mattn/go-colorable v0.1.12/go.mod h1:u5H1YNBxpqRaxsYJYSkiCWKzEfiAb1Gb520KVy5xxl4=
github.com/mattn/go-colorable v0.1.14 h1:9A9LHSqF/7dyVVX6g0U9cwm9pG3kP9gSzcuIPHPsaIE=
github.com/mattn/go-colorable v0.1.14/go.mod h1:6LmQG8QLFO4G5z1gPvYEzlUgJ2wF+stgPZH1UqBm1s8=
github.com/mattn/go-isatty v0.0.12/go.mod h1:cbi8OIDigv2wuxKPP5vlRcQ1OAZbq2CE4Kysco4FUpU=
github.com/mattn/go-isatty v0.0.14/go.mod h1:7GGIvUiUoEMVVmxf/4nioHXj79iQHKdU27kJ6hsGG94=
github.com/mattn/go-isatty v0.0.16/go.mod h1:kYGgaQfpe5nmfYZH+SKPsOc2e4SrIfOl2e/yFXSvRLM=
github.com/mattn/go-isatty v0.0.20 h1:xfD0iDuEKnDkl03q4limB+vH+GxLEtL/jb4xVJSWWEY=
github.com/mattn/go-isatty v0.0.20/go.mod h1:W+V8PltTTMOvKvAeJH7IuucS94S2C6jfK/D7dTCTo3Y=
github.com/mattn/go-localereader v0.0.1 h1:ygSAOl7ZXTx4RdPYinUpg6W99U8jWvWi9Ye2JC/oIi4=
github.com/mattn/go-localereader v0.0.1/go.mod h1:8fBrzywKY7BI3czFoHkuzRoWE9C+EiG4R1k4Cjx5p88=
github.com/mattn/go-runewidth v0.0.10/go.mod h1:RAqKPSqVFrSLVXbA8x7dzmKdmGzieGRCM46jaSJTDAk=
github.com/mattn/go-runewidth v0.0.12/go.mod h1:RAqKPSqVFrSLVXbA8x7dzmKdmGzieGRCM46jaSJTDAk=
github.com/mattn/go-runewidth v0.0.13 h1:lTGmDsbAYt5DmK6OnoV7EuIF1wEIFAcxld6ypU4OSgU=
github.com/mattn/go-runewidth v0.0.13/go.mod h1:Jdepj2loyihRzMpdS35Xk/zdY8IAYHsh153qUoGf23w=
github.com/microsoft/ApplicationInsights-Go v0.4.4 h1:G4+H9WNs6ygSCe6sUyxRc2U81TI5Es90b2t/MwX5KqY=
github.com/microsoft/ApplicationInsights-Go v0.4.4/go.mod h1:fKRUseBqkw6bDiXTs3ESTiU/4YTIHsQS4W3fP2ieF4U=
github.com/mitchellh/go-testing-interface v1.14.1 h1:jrgshOhYAUVNMAJiKbEu7EqAwgJJ2JqpQmpLJOu07cU=
github.com/mitchellh/go-testing-interface v1.14.1/go.mod h1:gfgS7OtZj6MA4U1UrDRp04twqAjfvlZyCfX3sDjEym8=
github.com/mitchellh/go-wordwrap v1.0.1 h1:TLuKupo69TCn6TQSyGxwI1EblZZEsQ0vMlAFQflz0v0=
github.com/mitchellh/go-wordwrap v1.0.1/go.mod h1:R62XHJLzvMFRBbcrT7m7WgmE1eOyTSsCt+hzestvNj0=
github.com/muesli/ansi v0.0.0-20211018074035-2e021307bc4b h1:1XF24mVaiu7u+CFywTdcDo2ie1pzzhwjt6RHqzpMU34=
github.com/muesli/ansi v0.0.0-20211018074035-2e021307bc4b/go.mod h1:fQuZ0gauxyBcmsdE3ZT4NasjaRdxmbCS0jRHsrWu3Ho=
github.com/muesli/cancelreader v0.2.0/go.mod h1:3XuTXfFS2VjM+HTLZY9Ak0l6eUKfijIfMUZ4EgX0QYo=
github.com/muesli/cancelreader v0.2.2 h1:3I4Kt4BQjOR54NavqnDogx/MIoWBFa0StPA8ELUXHmA=
github.com/muesli/cancelreader v0.2.2/go.mod h1:3XuTXfFS2VjM+HTLZY9Ak0l6eUKfijIfMUZ4EgX0QYo=
github.com/muesli/reflow v0.2.1-0.20210115123740-9e1d0d53df68/go.mod h1:Xk+z4oIWdQqJzsxyjgl3P22oYZnHdZ8FFTHAQQt5BMQ=
github.com/muesli/reflow v0.3.0 h1:IFsN6K9NfGtjeggFP+68I4chLZV2yIKsXJFNZ+eWh6s=
github.com/muesli/reflow v0.3.0/go.mod h1:pbwTDkVPibjO2kyvBQRBxTWEEGDGq0FlB1BIKtnHY/8=
github.com/muesli/termenv v0.11.1-0.20220204035834-5ac8409525e0/go.mod h1:Bd5NYQ7pd+SrtBSrSNoBBmXlcY8+Xj4BMJgh8qcZrvs=
github.com/muesli/termenv v0.11.1-0.20220212125758-44cd13922739 h1:QANkGiGr39l1EESqrE0gZw0/AJNYzIvoGLhIoVYtluI=
github.com/muesli/termenv v0.11.1-0.20220212125758-44cd13922739/go.mod h1:Bd5NYQ7pd+SrtBSrSNoBBmXlcY8+Xj4BMJgh8qcZrvs=
github.com/oklog/run v1.0.0 h1:Ru7dDtJNOyC66gQ5dQmaCa0qIsAUFY3sFpK1Xk8igrw=
github.com/oklog/run v1.0.0/go.mod h1:dlhp/R75TPv97u0XWUtDeV/lRKWPKSdTuV0TZvrmrQA=
github.com/onsi/ginkgo v1.6.0/go.mod h1:lLunBs/Ym6LB5Z9jYTR76FiuTmxDTDusOGeTQH+WWjE=
github.com/onsi/ginkgo v1.8.0/go.mod h1:lLunBs/Ym6LB5Z9jYTR76FiuTmxDTDusOGeTQH+WWjE=
github.com/onsi/gomega v1.5.0/go.mod h1:ex+gbHU/CVuBBDIJjb2X0qEXbFg53c61hWP/1CpauHY=
github.com/pjbgf/sha1cd v0.3.2 h1:a9wb0bp1oC2TGwStyn0Umc/IGKQnEgF0vVaZ8QF8eo4=
github.com/pjbgf/sha1cd v0.3.2/go.mod h1:zQWigSxVmsHEZow5qaLtPYxpcKMMQpa09ixqBxuCS6A=
github.com/pkg/browser v0.0.0-20240102092130-5ac0b6a4141c h1:+mdjkGKdHQG3305AYmdv1U2eRNDiU2ErMBj1gwrq8eQ=
github.com/pkg/browser v0.0.0-20240102092130-5ac0b6a4141c/go.mod h1:7rwL4CYBLnjLxUqIJNnCWiEdr3bn6IUYi15bNlnbCCU=
github.com/pkg/profile v1.7.0 h1:hnbDkaNWPCLMO9wGLdBFTIZvzDrDfBM2072E1S9gJkA=
github.com/pkg/profile v1.7.0/go.mod h1:8Uer0jas47ZQMJ7VD+OHknK4YDY07LPUC6dEvqDjvNo=
github.com/pmezard/go-difflib v1.0.0 h1:4DBwDE0NGyQoBHbLQYPwSUPoCMWR5BEzIk/f1lZbAQM=
github.com/pmezard/go-difflib v1.0.0/go.mod h1:iKH77koFhYxTK1pcRnkKkqfTogsbg7gZNVY4sRDYZ/4=
github.com/redis/go-redis/v9 v9.7.3 h1:YpPyAayJV+XErNsatSElgRZZVCwXX9QzkKYNvO7x0wM=
github.com/redis/go-redis/v9 v9.7.3/go.mod h1:bGUrSggJ9X9GUmZpZNEOQKaANxSGgOEBRltRTZHSvrA=
github.com/rivo/uniseg v0.1.0/go.mod h1:J6wj4VEh+S6ZtnVlnTBMWIodfgj8LQOQFoIToxlJtxc=
github.com/rivo/uniseg v0.2.0 h1:S1pD9weZBuJdFmowNwbpi7BJ8TNftyUImj/0WQi72jY=
github.com/rivo/uniseg v0.2.0/go.mod h1:J6wj4VEh+S6ZtnVlnTBMWIodfgj8LQOQFoIToxlJtxc=
github.com/rogpeppe/go-internal v1.12.0 h1:exVL4IDcn6na9z1rAb56Vxr+CgyK3nn3O+epU5NdKM8=
github.com/rogpeppe/go-internal v1.12.0/go.mod h1:E+RYuTGaKKdloAfM02xzb0FW3Paa99yedzYV+kq4uf4=
github.com/russross/blackfriday/v2 v2.1.0 h1:JIOH55/0cWyOuilr9/qlrm0BSXldqnqwMsf35Ld67mk=
github.com/russross/blackfriday/v2 v2.1.0/go.mod h1:+Rmxgy9KzJVeS9/2gXHxylqXiyQDYRxCVz55jmeOWTM=
github.com/sahilm/fuzzy v0.1.0 h1:FzWGaw2Opqyu+794ZQ9SYifWv2EIXpwP4q8dY1kDAwI=
github.com/sahilm/fuzzy v0.1.0/go.mod h1:VFvziUEIMCrT6A6tw2RFIXPXXmzXbOsSHF0DOI8ZK9Y=
github.com/sergi/go-diff v1.3.2-0.20230802210424-5b0b94c5c0d3 h1:n661drycOFuPLCN3Uc8sB6B/s6Z4t2xvBgU1htSHuq8=
github.com/sergi/go-diff v1.3.2-0.20230802210424-5b0b94c5c0d3/go.mod h1:A0bzQcvG0E7Rwjx0REVgAGH58e96+X0MeOfepqsbeW4=
github.com/skeema/knownhosts v1.3.1 h1:X2osQ+RAjK76shCbvhHHHVl3ZlgDm8apHEHFqRjnBY8=
github.com/skeema/knownhosts v1.3.1/go.mod h1:r7KTdC8l4uxWRyK2TpQZ/1o5HaSzh06ePQNxPwTcfiY=
github.com/stretchr/objx v0.1.0/go.mod h1:HFkY916IF+rwdDfMAkV7OtwuqBVzrE8GR6GFx+wExME=
github.com/stretchr/objx v0.4.0/go.mod h1:YvHI0jy2hoMjB+UWwv71VJQ9isScKT/TqJzVSSt89Yw=
github.com/stretchr/testify v1.7.1/go.mod h1:6Fq8oRcR53rry900zMqJjRRixrwX3KX962/h/Wwjteg=
github.com/stretchr/testify v1.7.2/go.mod h1:R6va5+xMeoiuVRoj+gSkQ7d3FALtqAAGI1FQKckRals=
github.com/stretchr/testify v1.8.0/go.mod h1:yNjHg4UonilssWZ8iaSj1OCr/vHnekPRkoO+kdMU+MU=
github.com/stretchr/testify v1.10.0 h1:Xv5erBjTwe/5IxqUQTdXv5kgmIvbHo3QQyRwhJsOfJA=
github.com/stretchr/testify v1.10.0/go.mod h1:r2ic/lqez/lEtzL7wO/rwa5dbSLXVDPFyf8C91i36aY=
github.com/tedsuo/ifrit v0.0.0-20180802180643-bea94bb476cc/go.mod h1:eyZnKCc955uh98WQvzOm0dgAeLnf2O0Rz0LPoC5ze+0=
github.com/tidwall/gjson v1.14.2 h1:6BBkirS0rAHjumnjHF6qgy5d2YAJ1TLIaFE2lzfOLqo=
github.com/tidwall/gjson v1.14.2/go.mod h1:/wbyibRr2FHMks5tjHJ5F8dMZh3AcwJEMf5vlfC0lxk=
github.com/tidwall/match v1.1.1 h1:+Ho715JplO36QYgwN9PGYNhgZvoUSc9X2c80KVTi+GA=
github.com/tidwall/match v1.1.1/go.mod h1:eRSPERbgtNPcGhD8UCthc6PmLEQXEWd3PRB5JTxsfmM=
github.com/tidwall/pretty v1.2.0 h1:RWIZEg2iJ8/g6fDDYzMpobmaoGh5OLl4AXtGUGPcqCs=
github.com/tidwall/pretty v1.2.0/go.mod h1:ITEVvHYasfjBbM0u2Pg8T2nJnzm8xPwvNhhsoaGGjNU=
github.com/tidwall/sjson v1.2.5 h1:kLy8mja+1c9jlljvWTlSazM7cKDRfJuR/bOJhcY5NcY=
github.com/tidwall/sjson v1.2.5/go.mod h1:Fvgq9kS/6ociJEDnK0Fk1cpYF4FIW6ZF7LAe+6jwd28=
github.com/urfave/cli/v2 v2.27.6 h1:VdRdS98FNhKZ8/Az8B7MTyGQmpIr36O1EHybx/LaZ4g=
github.com/urfave/cli/v2 v2.27.6/go.mod h1:3Sevf16NykTbInEnD0yKkjDAeZDS0A6bzhBH5hrMvTQ=
github.com/vmihailenco/msgpack/v5 v5.4.1 h1:cQriyiUvjTwOHg8QZaPihLWeRAAVoCpE00IUPn0Bjt8=
github.com/vmihailenco/msgpack/v5 v5.4.1/go.mod h1:GaZTsDaehaPpQVyxrf5mtQlH+pc21PIudVV/E3rRQok=
github.com/vmihailenco/tagparser/v2 v2.0.0 h1:y09buUbR+b5aycVFQs/g70pqKVZNBmxwAhO7/IwNM9g=
github.com/vmihailenco/tagparser/v2 v2.0.0/go.mod h1:Wri+At7QHww0WTrCBeu4J6bNtoV6mEfg5OIWRZA9qds=
github.com/xanzy/ssh-agent v0.3.3 h1:+/15pJfg/RsTxqYcX6fHqOXZwwMP+2VyYWJeWM2qQFM=
github.com/xanzy/ssh-agent v0.3.3/go.mod h1:6dzNDKs0J9rVPHPhaGCukekBHKqfl+L3KghI1Bc68Uw=
github.com/xrash/smetrics v0.0.0-20240521201337-686a1a2994c1 h1:gEOO8jv9F4OT7lGCjxCBTO/36wtF6j2nSip77qHd4x4=
github.com/xrash/smetrics v0.0.0-20240521201337-686a1a2994c1/go.mod h1:Ohn+xnUBiLI6FVj/9LpzZWtj1/D6lUovWYBkxHVV3aM=
github.com/zclconf/go-cty v1.16.2 h1:LAJSwc3v81IRBZyUVQDUdZ7hs3SYs9jv0eZJDWHD/70=
github.com/zclconf/go-cty v1.16.2/go.mod h1:VvMs5i0vgZdhYawQNq5kePSpLAoz8u1xvZgrPIxfnZE=
github.com/zclconf/go-cty-debug v0.0.0-20240509010212-0d6042c53940 h1:4r45xpDWB6ZMSMNJFMOjqrGHynW3DIBuR2H9j0ug+Mo=
github.com/zclconf/go-cty-debug v0.0.0-20240509010212-0d6042c53940/go.mod h1:CmBdvvj3nqzfzJ6nTCIwDTPZ56aVGvDrmztiO5g3qrM=
go.opentelemetry.io/auto/sdk v1.1.0 h1:cH53jehLUN6UFLY71z+NDOiNJqDdPRaXzTel0sJySYA=
go.opentelemetry.io/auto/sdk v1.1.0/go.mod h1:3wSPjt5PWp2RhlCcmmOial7AvC4DQqZb7a7wCow3W8A=
go.opentelemetry.io/otel v1.34.0 h1:zRLXxLCgL1WyKsPVrgbSdMN4c0FMkDAskSTQP+0hdUY=
go.opentelemetry.io/otel v1.34.0/go.mod h1:OWFPOQ+h4G8xpyjgqo4SxJYdDQ/qmRH+wivy7zzx9oI=
go.opentelemetry.io/otel/metric v1.34.0 h1:+eTR3U0MyfWjRDhmFMxe2SsW64QrZ84AOhvqS7Y+PoQ=
go.opentelemetry.io/otel/metric v1.34.0/go.mod h1:CEDrp0fy2D0MvkXE+dPV7cMi8tWZwX3dmaIhwPOaqHE=
go.opentelemetry.io/otel/sdk v1.34.0 h1:95zS4k/2GOy069d321O8jWgYsW3MzVV+KuSPKp7Wr1A=
go.opentelemetry.io/otel/sdk v1.34.0/go.mod h1:0e/pNiaMAqaykJGKbi+tSjWfNNHMTxoC9qANsCzbyxU=
go.opentelemetry.io/otel/sdk/metric v1.34.0 h1:5CeK9ujjbFVL5c1PhLuStg1wxA7vQv7ce1EK0Gyvahk=
go.opentelemetry.io/otel/sdk/metric v1.34.0/go.mod h1:jQ/r8Ze28zRKoNRdkjCZxfs6YvBTG1+YIqyFVFYec5w=
go.opentelemetry.io/otel/trace v1.34.0 h1:+ouXS2V8Rd4hp4580a8q23bg0azF2nI8cqLYnC8mh/k=
go.opentelemetry.io/otel/trace v1.34.0/go.mod h1:Svm7lSjQD7kG7KJ/MUHPVXSDGz2OX4h0M2jHBhmSfRE=
golang.org/x/crypto v0.37.0 h1:kJNSjF/Xp7kU0iB2Z+9viTPMW4EqqsrywMXLJOOsXSE=
golang.org/x/crypto v0.37.0/go.mod h1:vg+k43peMZ0pUMhYmVAWysMK35e6ioLh3wB8ZCAfbVc=
golang.org/x/mod v0.24.0 h1:ZfthKaKaT4NrhGVZHO1/WDTwGES4De8KtWO0SIbNJMU=
golang.org/x/mod v0.24.0/go.mod h1:IXM97Txy2VM4PJ3gI61r1YEk/gAj6zAHN3AdZt6S9Ww=
golang.org/x/net v0.0.0-20180906233101-161cd47e91fd/go.mod h1:mL1N/T3taQHkDXs73rZJwtUhF3w3ftmwwsq0BUmARs4=
golang.org/x/net v0.39.0 h1:ZCu7HMWDxpXpaiKdhzIfaltL9Lp31x/3fCP11bc6/fY=
golang.org/x/net v0.39.0/go.mod h1:X7NRbYVEA+ewNkCNyJ513WmMdQ3BineSwVtN2zD/d+E=
golang.org/x/sync v0.0.0-20180314180146-1d60e4601c6f/go.mod h1:RxMgew5VJxzue5/jJTE5uejpjVlOe/izrB70Jof72aM=
golang.org/x/sync v0.13.0 h1:AauUjRAJ9OSnvULf/ARrrVywoJDy0YS2AwQ98I37610=
golang.org/x/sync v0.13.0/go.mod h1:1dzgHSNfp02xaA81J2MS99Qcpr2w7fw1gpm99rleRqA=
golang.org/x/sys v0.0.0-20180909124046-d0be0721c37e/go.mod h1:STP8DvDyc/dI5b8T5hshtkjS+E42TnysNCUPdjciGhY=
golang.org/x/sys v0.0.0-20200116001909-b77594299b42/go.mod h1:h1NjWce9XRLGQEsW7wpKNCjG9DtNlClVuFLEZdDNbEs=
golang.org/x/sys v0.0.0-20200223170610-d5e6a3e2c0ae/go.mod h1:h1NjWce9XRLGQEsW7wpKNCjG9DtNlClVuFLEZdDNbEs=
golang.org/x/sys v0.0.0-20210124154548-22da62e12c0c/go.mod h1:h1NjWce9XRLGQEsW7wpKNCjG9DtNlClVuFLEZdDNbEs=
golang.org/x/sys v0.0.0-20210615035016-665e8c7367d1/go.mod h1:oPkhp1MJrh7nUepCBck5+mAzfO9JrbApNNgaTdGDITg=
golang.org/x/sys v0.0.0-20210630005230-0f9fa26af87c/go.mod h1:oPkhp1MJrh7nUepCBck5+mAzfO9JrbApNNgaTdGDITg=
golang.org/x/sys v0.0.0-20210927094055-39ccf1dd6fa6/go.mod h1:oPkhp1MJrh7nUepCBck5+mAzfO9JrbApNNgaTdGDITg=
golang.org/x/sys v0.0.0-20211007075335-d3039528d8ac/go.mod h1:oPkhp1MJrh7nUepCBck5+mAzfO9JrbApNNgaTdGDITg=
golang.org/x/sys v0.0.0-20220204135822-1c1b9b1eba6a/go.mod h1:oPkhp1MJrh7nUepCBck5+mAzfO9JrbApNNgaTdGDITg=
golang.org/x/sys v0.0.0-20220209214540-3681064d5158/go.mod h1:oPkhp1MJrh7nUepCBck5+mAzfO9JrbApNNgaTdGDITg=
golang.org/x/sys v0.0.0-20220503163025-988cb79eb6c6/go.mod h1:oPkhp1MJrh7nUepCBck5+mAzfO9JrbApNNgaTdGDITg=
golang.org/x/sys v0.0.0-20220811171246-fbc7d0a398ab/go.mod h1:oPkhp1MJrh7nUepCBck5+mAzfO9JrbApNNgaTdGDITg=
golang.org/x/sys v0.1.0/go.mod h1:oPkhp1MJrh7nUepCBck5+mAzfO9JrbApNNgaTdGDITg=
golang.org/x/sys v0.6.0/go.mod h1:oPkhp1MJrh7nUepCBck5+mAzfO9JrbApNNgaTdGDITg=
golang.org/x/sys v0.32.0 h1:s77OFDvIQeibCmezSnk/q6iAfkdiQaJi4VzroCFrN20=
golang.org/x/sys v0.32.0/go.mod h1:BJP2sWEmIv4KK5OTEluFJCKSidICx8ciO85XgH3Ak8k=
golang.org/x/term v0.0.0-20210927222741-03fcf44c2211/go.mod h1:jbD1KX2456YbFQfuXm/mYQcufACuNUgVhRMnK/tPxf8=
golang.org/x/term v0.31.0 h1:erwDkOK1Msy6offm1mOgvspSkslFnIGsFnxOKoufg3o=
golang.org/x/term v0.31.0/go.mod h1:R4BeIy7D95HzImkxGkTW1UQTtP54tio2RyHz7PwK0aw=
golang.org/x/text v0.3.0/go.mod h1:NqM8EUOU14njkJ3fqMW+pc6Ldnwhi/IjpwHt7yyuwOQ=
golang.org/x/text v0.3.7/go.mod h1:u+2+/6zg+i71rQMx5EYifcz6MCKuco9NR6JIITiCfzQ=
golang.org/x/text v0.24.0 h1:dd5Bzh4yt5KYA8f9CJHCP4FB4D51c2c6JvN37xJJkJ0=
golang.org/x/text v0.24.0/go.mod h1:L8rBsPeo2pSS+xqN0d5u2ikmjtmoJbDBT1b7nHvFCdU=
golang.org/x/tools v0.0.0-20180917221912-90fa682c2a6e/go.mod h1:n7NCudcB/nEzxVGmLbDWY5pfWTLqBcC2KZ6jyYvM4mQ=
golang.org/x/tools v0.32.0 h1:Q7N1vhpkQv7ybVzLFtTjvQya2ewbwNDZzUgfXGqtMWU=
golang.org/x/tools v0.32.0/go.mod h1:ZxrU41P/wAbZD8EDa6dDCa6XfpkhJ7HFMjHJXfBDu8s=
google.golang.org/genproto/googleapis/rpc v0.0.0-20250218202821-56aae31c358a h1:51aaUVRocpvUOSQKM6Q7VuoaktNIaMCLuhZB6DKksq4=
google.golang.org/genproto/googleapis/rpc v0.0.0-20250218202821-56aae31c358a/go.mod h1:uRxBH1mhmO8PGhU89cMcHaXKZqO+OfakD8QQO0oYwlQ=
google.golang.org/grpc v1.72.0 h1:S7UkcVa60b5AAQTaO6ZKamFp1zMZSU0fGDK2WZLbBnM=
google.golang.org/grpc v1.72.0/go.mod h1:wH5Aktxcg25y1I3w7H69nHfXdOG3UiadoBtjh3izSDM=
google.golang.org/protobuf v1.36.5 h1:tPhr+woSbjfYvY6/GPufUoYizxw1cF/yFoxJ2fmpwlM=
google.golang.org/protobuf v1.36.5/go.mod h1:9fA7Ob0pmnwhb644+1+CVWFRbNajQ6iRojtC/QF5bRE=
gopkg.in/check.v1 v0.0.0-20161208181325-20d25e280405/go.mod h1:Co6ibVJAznAaIkqp8huTwlJQCZ016jof/cbN4VW5Yz0=
gopkg.in/check.v1 v1.0.0-20180628173108-788fd7840127/go.mod h1:Co6ibVJAznAaIkqp8huTwlJQCZ016jof/cbN4VW5Yz0=
gopkg.in/check.v1 v1.0.0-20201130134442-10cb98267c6c h1:Hei/4ADfdWqJk1ZMxUNpqntNwaWcugrBjAiHlqqRiVk=
gopkg.in/check.v1 v1.0.0-20201130134442-10cb98267c6c/go.mod h1:JHkPIbrfpd72SG/EVd6muEfDQjcINNoR0C8j2r3qZ4Q=
gopkg.in/fsnotify.v1 v1.4.7/go.mod h1:Tz8NjZHkW78fSQdbUxIjBTcgA1z1m8ZHf0WmKUhAMys=
gopkg.in/tomb.v1 v1.0.0-20141024135613-dd632973f1e7/go.mod h1:dt/ZhP58zS4L8KSrWDmTeBkI65Dw0HsyUHuEVlX15mw=
gopkg.in/warnings.v0 v0.1.2 h1:wFXVbFY8DY5/xOe1ECiWdKCzZlxgshcYVNkBHstARME=
gopkg.in/warnings.v0 v0.1.2/go.mod h1:jksf8JmL6Qr/oQM2OXTHunEvvTAsrWBLb6OOjuVWRNI=
gopkg.in/yaml.v2 v2.2.1/go.mod h1:hI93XBmqTisBFMUTm0b8Fm+jr3Dg1NNxqwp+5A1VGuI=
gopkg.in/yaml.v3 v3.0.0-20200313102051-9f266ea9e77c/go.mod h1:K4uyk7z7BCEPqu6E+C64Yfv1cQ7kz7rIZviUmN+EgEM=
gopkg.in/yaml.v3 v3.0.1 h1:fxVm/GzAzEWqLHuvctI91KS9hhNmmWOoWu0XTYJS7CA=
gopkg.in/yaml.v3 v3.0.1/go.mod h1:K4uyk7z7BCEPqu6E+C64Yfv1cQ7kz7rIZviUmN+EgEM=
software.sslmate.com/src/go-pkcs12 v0.4.0 h1:H2g08FrTvSFKUj+D309j1DPfk5APnIdAQAB8aEykJ5k=
software.sslmate.com/src/go-pkcs12 v0.4.0/go.mod h1:Qiz0EyvDRJjjxGyUQa2cCNZn/wMyzrRJ/qcDXOQazLI=
