code.cloudfoundry.org/clock v0.0.0-20180518195852-02e53af36e6c h1:5eeuG0BHx1+DHeT3AP+ISKZ2ht1UjGhm581ljqYpVeQ=
code.cloudfoundry.org/clock v0.0.0-20180518195852-02e53af36e6c/go.mod h1:QD9Lzhd/ux6eNQVUDVRJX/RKTigpewimNYBi7ivZKY8=
dario.cat/mergo v1.0.0 h1:AGCNq9Evsj31mOgNPcLyXc+4PNABt905YmuqPYYpBWk=
github.com/Azure/azure-sdk-for-go/sdk/azcore v1.9.0 h1:fb8kj/Dh4CSwgsOzHeZY4Xh68cFVbzXx+ONXGMY//4w=
github.com/Azure/azure-sdk-for-go/sdk/azcore v1.9.0/go.mod h1:uReU2sSxZExRPBAg3qKzmAucSi51+SP1OhohieR821Q=
github.com/Azure/azure-sdk-for-go/sdk/azidentity v1.4.0 h1:BMAjVKJM0U/CYF27gA0ZMmXGkOcvfFtD0oHVZ1TIPRI=
github.com/Azure/azure-sdk-for-go/sdk/azidentity v1.4.0/go.mod h1:1fXstnBMas5kzG+S3q8UoJcmyU6nUeunJcMDHcRYHhs=
github.com/Azure/azure-sdk-for-go/sdk/internal v1.5.0 h1:d81/ng9rET2YqdVkVwkb6EXeRrLJIwyGnJcAlAWKwhs=
github.com/Azure/azure-sdk-for-go/sdk/internal v1.5.0/go.mod h1:s4kgfzA0covAXNicZHDMN58jExvcng2mC/DepXiF1EI=
github.com/Azure/azure-sdk-for-go/sdk/resourcemanager/alertsmanagement/armalertsmanagement v0.6.0 h1:pks1dpbMetOpU0LLAMGqQWDmf6KH3YaZZFbvLdczkLY=
github.com/Azure/azure-sdk-for-go/sdk/resourcemanager/alertsmanagement/armalertsmanagement v0.6.0/go.mod h1:ScVCRUj/xrIX0/L+CPzpgFBB3kHuE0OfT7ZkKJL4tFg=
github.com/Azure/azure-sdk-for-go/sdk/resourcemanager/apimanagement/armapimanagement v1.1.1 h1:jCkNVNpsEevyic4bmjgVjzVA4tMGSJpXNGirf+S+mDI=
github.com/Azure/azure-sdk-for-go/sdk/resourcemanager/apimanagement/armapimanagement v1.1.1/go.mod h1:a0Ug1l73Il7EhrCJEEt2dGjlNjvphppZq5KqJdgnwuw=
github.com/Azure/azure-sdk-for-go/sdk/resourcemanager/applicationinsights/armapplicationinsights v1.1.1 h1:hBrFatNIiVAwDb5GzMLjpkQ6l2/waFSvBWMBWZRH8WI=
github.com/Azure/azure-sdk-for-go/sdk/resourcemanager/applicationinsights/armapplicationinsights v1.1.1/go.mod h1:uxknLoFj+nBXpfGngz0B4ciNur04Y0EX4AREpy2GIvk=
github.com/Azure/azure-sdk-for-go/sdk/resourcemanager/appplatform/armappplatform v1.1.0-beta.1 h1:hQJe8H6ZruSIWEzoNCB/GH9gGa7ntRDqaebxj8UeguI=
github.com/Azure/azure-sdk-for-go/sdk/resourcemanager/appplatform/armappplatform v1.1.0-beta.1/go.mod h1:yGK8WOLcIMXyT84rwf1EL3y5QU4XYYwczK70uWfBFmQ=
github.com/Azure/azure-sdk-for-go/sdk/resourcemanager/appservice/armappservice v1.0.0 h1:kRX8I0dWAcpW6Vq0m90CgV+qw4O1vXodgwrhoPr1RWs=
github.com/Azure/azure-sdk-for-go/sdk/resourcemanager/appservice/armappservice v1.0.0/go.mod h1:avvc5/7qR4taCvAhOM7KFXuEHhAU0Wek9YX7sh9H3EM=
github.com/Azure/azure-sdk-for-go/sdk/resourcemanager/automation/armautomation v0.6.0 h1:u0gaKivsSN9nJlgR4JeUnCnvPP9vXoM8Dv9IlgWvcD0=
github.com/Azure/azure-sdk-for-go/sdk/resourcemanager/automation/armautomation v0.6.0/go.mod h1:n7pLvw0SL+4fmVfzkWpg1ZNY6dwjsXD5eZHoxwkYbxA=
github.com/Azure/azure-sdk-for-go/sdk/resourcemanager/botservice/armbotservice v0.5.0 h1:v2TuEnO4GzivkMXMWM2szyHwi7tWGQ6V8WG07UJfjv8=
github.com/Azure/azure-sdk-for-go/sdk/resourcemanager/botservice/armbotservice v0.5.0/go.mod h1:9I3Ckw/UPxF2tuJ4scHISF8Rgi16lkRFrCimkJhUFIY=
github.com/Azure/azure-sdk-for-go/sdk/resourcemanager/cdn/armcdn v1.0.0 h1:mZYozuxvzO83ZtKST8TYGqvj++a3ehiworh8zuxfxOo=
github.com/Azure/azure-sdk-for-go/sdk/resourcemanager/cdn/armcdn v1.0.0/go.mod h1:9HKN4ZiYtjIYAEsr76ecdVsMO7DdUzOGo6tgu3Olf5w=
github.com/Azure/azure-sdk-for-go/sdk/resourcemanager/compute/armcompute v1.0.0 h1:/Di3vB4sNeQ+7A8efjUVENvyB945Wruvstucqp7ZArg=
github.com/Azure/azure-sdk-for-go/sdk/resourcemanager/compute/armcompute v1.0.0/go.mod h1:gM3K25LQlsET3QR+4V74zxCsFAy0r6xMNN9n80SZn+4=
github.com/Azure/azure-sdk-for-go/sdk/resourcemanager/costmanagement/armcostmanagement/v2 v2.0.0 h1:xHWCrCQT1TUlDZ5yJ2kOilHx1FNSb0Y4vpPDL6EXfmk=
github.com/Azure/azure-sdk-for-go/sdk/resourcemanager/costmanagement/armcostmanagement/v2 v2.0.0/go.mod h1:x3FsIReHYfFFH5ICfUMpF8Fc2PJmnY9AaLCYm4wUU34=
github.com/Azure/azure-sdk-for-go/sdk/resourcemanager/datafactory/armdatafactory v1.2.0 h1:hOebVKxf8TYh7ZkYEPBchcrAK7n2wVWCRtSnn3fEp3k=
github.com/Azure/azure-sdk-for-go/sdk/resourcemanager/datafactory/armdatafactory v1.2.0/go.mod h1:CmZkcUHLqzY7I+io4fQda7G1ZJ/4R0b3/iPFzEWWl7E=
github.com/Azure/azure-sdk-for-go/sdk/resourcemanager/dataprotection/armdataprotection v1.0.0 h1:VFqjVi532z3gdltbAkYrPl9Ez0czn3ZPM+bjmvLq6fk=
github.com/Azure/azure-sdk-for-go/sdk/resourcemanager/dataprotection/armdataprotection v1.0.0/go.mod h1:CmZQSRwBPP7KNjDA+PHaoR2m8wgOsbTd9ncqZgSzgHA=
github.com/Azure/azure-sdk-for-go/sdk/resourcemanager/datashare/armdatashare v1.0.0 h1:9xFFUWVgkCIRg42rNq9cnaq/hct+tV5eCwja+1BBcpk=
github.com/Azure/azure-sdk-for-go/sdk/resourcemanager/datashare/armdatashare v1.0.0/go.mod h1:O8rDteaSO14ijw1tEpQ1+h8doTODhRPcbaxT+hqlsRo=
github.com/Azure/azure-sdk-for-go/sdk/resourcemanager/desktopvirtualization/armdesktopvirtualization v1.0.0 h1:E404espBxzBWw7BlZa7TONlqMEH7P3P8XCe686PSmZQ=
github.com/Azure/azure-sdk-for-go/sdk/resourcemanager/desktopvirtualization/armdesktopvirtualization v1.0.0/go.mod h1:XM/9J9tLtumXaGIJwbsbm7WlsZwxOtKB34HwmFW9qyU=
github.com/Azure/azure-sdk-for-go/sdk/resourcemanager/devtestlabs/armdevtestlabs v1.0.0 h1:GuqpJGl+Ua5hVijY/ovYSO+iTf1QHDZDFXtVSLrZeq8=
github.com/Azure/azure-sdk-for-go/sdk/resourcemanager/devtestlabs/armdevtestlabs v1.0.0/go.mod h1:igAw5va/nEHEc8OYWPz+g3y1LdPig04qMS+9aqwtn+w=
github.com/Azure/azure-sdk-for-go/sdk/resourcemanager/digitaltwins/armdigitaltwins v1.0.0 h1:7zDYZ29qnHH8+QJ+oIIAb1NnBIXE2OmeIraWtd76OZI=
github.com/Azure/azure-sdk-for-go/sdk/resourcemanager/digitaltwins/armdigitaltwins v1.0.0/go.mod h1:HBn/Iq+D7k0+R02WoSyoo6L6qRVi/DmJL2hi/KsUzI4=
github.com/Azure/azure-sdk-for-go/sdk/resourcemanager/domainservices/armdomainservices v1.0.0 h1:nm/jspNdOh+NgeKWz9jQPHjzfueDZ+/IjbvtLmIMYAk=
github.com/Azure/azure-sdk-for-go/sdk/resourcemanager/domainservices/armdomainservices v1.0.0/go.mod h1:ClIEJvS4RXaAtrKUYdVqjbvSzDvpMqGiMFGEG9tf6RA=
github.com/Azure/azure-sdk-for-go/sdk/resourcemanager/frontdoor/armfrontdoor v1.0.0 h1:9LwllQVG4QBsCFEvYgvmwq3SEdiPaZIS4QF3g/D8/Ak=
github.com/Azure/azure-sdk-for-go/sdk/resourcemanager/frontdoor/armfrontdoor v1.0.0/go.mod h1:fwbqrfE4XA8MI4l9ECK9LESaTaSQC/wYMoYBKHYcl/k=
github.com/Azure/azure-sdk-for-go/sdk/resourcemanager/hdinsight/armhdinsight v1.0.0 h1:YiFulhmwcgOnjlNDqu1c8dVHkhNd/wlZIVcV32Pq0kA=
github.com/Azure/azure-sdk-for-go/sdk/resourcemanager/hdinsight/armhdinsight v1.0.0/go.mod h1:g0o51pdbR/Zn9w3X61C+UrYfS98UpCcp8+1KTceXD0A=
github.com/Azure/azure-sdk-for-go/sdk/resourcemanager/internal v1.1.2 h1:mLY+pNLjCUeKhgnAJWAKhEUQM+RJQo2H1fuGSw1Ky1E=
github.com/Azure/azure-sdk-for-go/sdk/resourcemanager/iothub/armiothub v1.1.1 h1:Dh8SxVXcSyQN76LI4IseKyrnqyTUsx336Axg8zDYSMs=
github.com/Azure/azure-sdk-for-go/sdk/resourcemanager/iothub/armiothub v1.1.1/go.mod h1:fqmmortNEICbosf7BfNVO3wWs6Cz/pkxYfExJC97Vy8=
github.com/Azure/azure-sdk-for-go/sdk/resourcemanager/keyvault/armkeyvault v1.0.0 h1:Jc2KcpCDMu7wJfkrzn7fs/53QMDXH78GuqnH4HOd7zs=
github.com/Azure/azure-sdk-for-go/sdk/resourcemanager/keyvault/armkeyvault v1.0.0/go.mod h1:PFVgFsclKzPqYRT/BiwpfUN22cab0C7FlgXR3iWpwMo=
github.com/Azure/azure-sdk-for-go/sdk/resourcemanager/kusto/armkusto v1.3.1 h1:ik0pyYcwUqdiPPXOioZfKL62SVu7iN5eh5zxHEbV3VE=
github.com/Azure/azure-sdk-for-go/sdk/resourcemanager/kusto/armkusto v1.3.1/go.mod h1:st4TFPle8b16a2B9MEN+ofQT6iJjWBPAD9F5rfMQtZg=
github.com/Azure/azure-sdk-for-go/sdk/resourcemanager/logic/armlogic v1.1.1 h1:YqPDzajLbEGiIr1wbj0AINMj54q3LtWzfwASAMGklAQ=
github.com/Azure/azure-sdk-for-go/sdk/resourcemanager/logic/armlogic v1.1.1/go.mod h1:DwT51rZDyLryjioY2lt18MlJ8risPJlt8HaKdciJlMI=
github.com/Azure/azure-sdk-for-go/sdk/resourcemanager/machinelearning/armmachinelearning/v3 v3.0.0 h1:C8jlM/kxDVoUbmPJPp0C6Tz8VfiuAe+Lwcdw2DeyRPE=
github.com/Azure/azure-sdk-for-go/sdk/resourcemanager/machinelearning/armmachinelearning/v3 v3.0.0/go.mod h1:6IMUN/Qwv/Y6aL21XxWGcQXfRYrivO4qFPWsbf0wVJI=
github.com/Azure/azure-sdk-for-go/sdk/resourcemanager/managementgroups/armmanagementgroups v1.0.0 h1:pPvTJ1dY0sA35JOeFq6TsY2xj6Z85Yo23Pj4wCCvu4o=
github.com/Azure/azure-sdk-for-go/sdk/resourcemanager/monitor/armmonitor v0.7.0 h1:U6aSmNaC/WWDlHnL0e+SxQlvYmcjdoBLFjNir8AZBe0=
github.com/Azure/azure-sdk-for-go/sdk/resourcemanager/monitor/armmonitor v0.7.0/go.mod h1:qDMzzI3qK0Oi9wpbRIaBoYyRYg+1UJZ0I2/Y4VxoVU4=
github.com/Azure/azure-sdk-for-go/sdk/resourcemanager/msi/armmsi v0.6.0 h1:zSHpZY39hfFpVNixDoFOUeLwBBX0SIRe32HaWg03R8k=
github.com/Azure/azure-sdk-for-go/sdk/resourcemanager/netapp/armnetapp v1.0.0 h1:06Xuh5qDiIaR+5IQNWz8K9ZV4banx4SOx1DsQiJOqqA=
github.com/Azure/azure-sdk-for-go/sdk/resourcemanager/netapp/armnetapp v1.0.0/go.mod h1:bAQDVyOKushEZ1+h7Q157Xn3hpaB/TewYIhiWqAh71U=
github.com/Azure/azure-sdk-for-go/sdk/resourcemanager/network/armnetwork v1.1.0 h1:QM6sE5k2ZT/vI5BEe0r7mqjsUSnhVBFbOsVkEuaEfiA=
github.com/Azure/azure-sdk-for-go/sdk/resourcemanager/network/armnetwork v1.1.0/go.mod h1:243D9iHbcQXoFUtgHJwL7gl2zx1aDuDMjvBZVGr2uW0=
github.com/Azure/azure-sdk-for-go/sdk/resourcemanager/operationalinsights/armoperationalinsights v1.0.0 h1:hdC0QToUqJikvZXE/ZSHafNv10IcYYkCPY7B99QhNSc=
github.com/Azure/azure-sdk-for-go/sdk/resourcemanager/operationalinsights/armoperationalinsights v1.0.0/go.mod h1:FwSGecUzQMdebvcN8JqqLlsfgfXZn+Gw+vX9xpHhUMc=
github.com/Azure/azure-sdk-for-go/sdk/resourcemanager/paloaltonetworksngfw/armpanngfw v1.0.0 h1:IqQ4hSk2c+ukY8np3ta4wMaWZWYvBnAk2uo1m87bTg0=
github.com/Azure/azure-sdk-for-go/sdk/resourcemanager/paloaltonetworksngfw/armpanngfw v1.0.0/go.mod h1:0x6XhaUEGlx5bfqrFsopXuA4B6/GhqD+GZusSeMTgFg=
github.com/Azure/azure-sdk-for-go/sdk/resourcemanager/recoveryservices/armrecoveryservicesbackup v1.0.0 h1:MgsdbI063vhtsJMMCZSY6TcxFopiEhPMJEJ2L5iDva0=
github.com/Azure/azure-sdk-for-go/sdk/resourcemanager/recoveryservices/armrecoveryservicesbackup v1.0.0/go.mod h1:65T59IeW3MusDYTq3zjvzzipDyct3UbWTZVL31go+Ww=
github.com/Azure/azure-sdk-for-go/sdk/resourcemanager/recoveryservices/armrecoveryservicessiterecovery v1.1.0 h1:x02t6z6v5+zdGuaMSpKQTn/5ok60bbzX6mPAlaeuuW8=
github.com/Azure/azure-sdk-for-go/sdk/resourcemanager/recoveryservices/armrecoveryservicessiterecovery v1.1.0/go.mod h1:woN5JsidpzBh+hOMpof6vqutskFi/WtbT4ESGLx2wSo=
github.com/Azure/azure-sdk-for-go/sdk/resourcemanager/resourcegraph/armresourcegraph v0.6.0 h1:ofIfA+/dTgrqhykfrz+GbFtPAtE697LAOCSw/8AQbwI=
github.com/Azure/azure-sdk-for-go/sdk/resourcemanager/resourcegraph/armresourcegraph v0.6.0/go.mod h1:KKrvyReEXgIA2D4ez2Jq5dRynJW4bOjRDkONdze2qjs=
github.com/Azure/azure-sdk-for-go/sdk/resourcemanager/resources/armdeploymentscripts v1.0.0 h1:qd/BfXBy0s/cPn/hVVX+Ps0HolpC1NsHE2p+L2zB4C4=
github.com/Azure/azure-sdk-for-go/sdk/resourcemanager/resources/armdeploymentscripts v1.0.0/go.mod h1:P1SgXux7JvaLh0fwpYwtY2csL+RYAc033mNha1Txlm8=
github.com/Azure/azure-sdk-for-go/sdk/resourcemanager/resources/armresources v1.1.1 h1:7CBQ+Ei8SP2c6ydQTGCCrS35bDxgTMfoP2miAwK++OU=
github.com/Azure/azure-sdk-for-go/sdk/resourcemanager/resources/armresources v1.1.1/go.mod h1:c/wcGeGx5FUPbM/JltUYHZcKmigwyVLJlDq+4HdtXaw=
github.com/Azure/azure-sdk-for-go/sdk/resourcemanager/securityinsights/armsecurityinsights/v2 v2.0.0-beta.1 h1:9mTTrRpS9YeiH3n0FwWBCOd9Sg6AdQYwcpRCjK3+WQ4=
github.com/Azure/azure-sdk-for-go/sdk/resourcemanager/securityinsights/armsecurityinsights/v2 v2.0.0-beta.1/go.mod h1:+Vn4YGqMk8/urNMX3IMR2lggm5cKqRQN13pUkqcfgyA=
github.com/Azure/azure-sdk-for-go/sdk/resourcemanager/storage/armstorage v1.0.0 h1:TMEyRFKh1zaSPmoQh3kxK+xRAYVq8guCI/7SMO0F3KY=
github.com/Azure/azure-sdk-for-go/sdk/resourcemanager/storage/armstorage v1.0.0/go.mod h1:c+Lifp3EDEamAkPVzMooRNOK6CZjNSdEnf1A7jsI9u4=
github.com/Azure/azure-sdk-for-go/sdk/resourcemanager/storagecache/armstoragecache v1.0.0 h1:3UQFOxKO93+20/+4mZweaGTbICtgQDRchk946N6/mvI=
github.com/Azure/azure-sdk-for-go/sdk/resourcemanager/storagecache/armstoragecache v1.0.0/go.mod h1:3n9xGw4M5LJpJLV62q8elF/XpfC/f4CY0SudWJuQOIQ=
github.com/Azure/azure-sdk-for-go/sdk/resourcemanager/storagemover/armstoragemover v1.1.1 h1:g84ADqlA7DmSuRHvK+Z11eSHrG5JP6Bw1/4x5q8uzDw=
github.com/Azure/azure-sdk-for-go/sdk/resourcemanager/storagemover/armstoragemover v1.1.1/go.mod h1:G28Xmw989oBiAbSFc1+6eeOSi0qZjB32oD1SLA8KNr4=
github.com/Azure/azure-sdk-for-go/sdk/resourcemanager/storagepool/armstoragepool v1.0.0 h1:x51iJ683OHrnUqfTsRM8Q5yAOb+a08ifYWPc8+fFifc=
github.com/Azure/azure-sdk-for-go/sdk/resourcemanager/storagepool/armstoragepool v1.0.0/go.mod h1:4QQ4coy9WcnRgkB8P1wfhcnHqfhU2rD2NOaqEUmBBno=
github.com/Azure/azure-sdk-for-go/sdk/resourcemanager/streamanalytics/armstreamanalytics v1.0.0 h1:IDuSHsqMhi6PysfqSycxXBz7WOYRGSvw31IK/Zio8cA=
github.com/Azure/azure-sdk-for-go/sdk/resourcemanager/streamanalytics/armstreamanalytics v1.0.0/go.mod h1:44ZAL1LS24yrReci8LqmY3tY9sX0wf/wXadZNT8SQHY=
github.com/Azure/azure-sdk-for-go/sdk/resourcemanager/synapse/armsynapse v0.5.0 h1:CMHxfGGGbg9ua3uSBNRdhKa+fciYNavayBiG0I6LA34=
github.com/Azure/azure-sdk-for-go/sdk/resourcemanager/synapse/armsynapse v0.5.0/go.mod h1:0LrLPHG/bVyQWENxWqSj2ycnnrpTjeSFrKuWymCBceM=
github.com/Azure/azure-sdk-for-go/sdk/resourcemanager/timeseriesinsights/armtimeseriesinsights v1.0.0 h1:6zhHj/nA0VfUglOeV8geEXVw/XGAqsAyKjDK2B5gctE=
github.com/Azure/azure-sdk-for-go/sdk/resourcemanager/timeseriesinsights/armtimeseriesinsights v1.0.0/go.mod h1:BJ1j39YchhMI91ICCnhfdwPe4bN59SdA4vYWd0bfF+g=
github.com/Azure/azure-sdk-for-go/sdk/resourcemanager/workloads/armworkloads v1.1.0 h1:kW9b3n/hV4/JgghAPinYHolJtocM/gPNCaeuqLqXzpc=
github.com/Azure/azure-sdk-for-go/sdk/resourcemanager/workloads/armworkloads v1.1.0/go.mod h1:G2hOQegwo7b7uqWaKRfqt6GG3x/eOnUA3qhT49fQRwA=
github.com/AzureAD/microsoft-authentication-library-for-go v1.1.1 h1:WpB/QDNLpMw72xHJc34BNNykqSOeEJDAWkhf0u12/Jk=
github.com/AzureAD/microsoft-authentication-library-for-go v1.1.1/go.mod h1:wP83P5OoQ5p6ip3ScPr0BAq0BvuPAvacpEuSzyouqAI=
github.com/Microsoft/go-winio v0.6.1 h1:9/kr64B9VUZrLm5YYwbGtUJnMgqWVOdUAXu6Migciow=
github.com/ProtonMail/go-crypto v0.0.0-20230828082145-3c4c8a2d2371 h1:kkhsdkhsCvIsutKu5zLMgWtgh9YxGCNAw8Ad8hjwfYg=
github.com/agext/levenshtein v1.2.2 h1:0S/Yg6LYmFJ5stwQeRp6EeOcCbj7xiqQSdNelsXvaqE=
github.com/agext/levenshtein v1.2.2/go.mod h1:JEDfjyjHDjOF/1e4FlBE/PkbqA9OfWu2ki2W0IB5558=
github.com/apparentlymart/go-dump v0.0.0-20190214190832-042adf3cf4a0 h1:MzVXffFUye+ZcSR6opIgz9Co7WcDx6ZcY+RjfFHoA0I=
github.com/apparentlymart/go-textseg/v13 v13.0.0 h1:Y+KvPE1NYz0xl601PVImeQfFyEy6iT90AvPUL1NNfNw=
github.com/apparentlymart/go-textseg/v13 v13.0.0/go.mod h1:ZK2fH7c4NqDTLtiYLvIkEghdlcqw7yxLeM89kiTRPUo=
github.com/apparentlymart/go-textseg/v15 v15.0.0 h1:uYvfpb3DyLSCGWnctWKGj857c6ew1u1fNQOlOtuGxQY=
github.com/apparentlymart/go-textseg/v15 v15.0.0/go.mod h1:K8XmNZdhEBkdlyDdvbmmsvpAG721bKi0joRfFdHIWJ4=
github.com/atotto/clipboard v0.1.4 h1:EH0zSVneZPSuFR11BlR9YppQTVDbh5+16AmcJi4g1z4=
github.com/atotto/clipboard v0.1.4/go.mod h1:ZY9tmq7sm5xIbd9bOK4onWV4S6X0u6GY7Vn0Yu86PYI=
github.com/charmbracelet/bubbles v0.14.0 h1:DJfCwnARfWjZLvMglhSQzo76UZ2gucuHPy9jLWX45Og=
github.com/charmbracelet/bubbles v0.14.0/go.mod h1:bbeTiXwPww4M031aGi8UK2HT9RDWoiNibae+1yCMtcc=
github.com/charmbracelet/bubbletea v0.21.0/go.mod h1:GgmJMec61d08zXsOhqRC/AiOx4K4pmz+VIcRIm1FKr4=
github.com/charmbracelet/bubbletea v0.22.1 h1:z66q0LWdJNOWEH9zadiAIXp2GN1AWrwNXU8obVY9X24=
github.com/charmbracelet/bubbletea v0.22.1/go.mod h1:8/7hVvbPN6ZZPkczLiB8YpLkLJ0n7DMho5Wvfd2X1C0=
github.com/charmbracelet/harmonica v0.2.0 h1:8NxJWRWg/bzKqqEaaeFNipOu77YR5t8aSwG4pgaUBiQ=
github.com/charmbracelet/harmonica v0.2.0/go.mod h1:KSri/1RMQOZLbw7AHqgcBycp8pgJnQMYYT8QZRqZ1Ao=
github.com/charmbracelet/lipgloss v0.5.0 h1:lulQHuVeodSgDez+3rGiuxlPVXSnhth442DATR2/8t8=
github.com/charmbracelet/lipgloss v0.5.0/go.mod h1:EZLha/HbzEt7cYqdFPovlqy5FZPj0xFhg5SaqxScmgs=
github.com/chzyer/logex v1.1.10/go.mod h1:+Ywpsq7O8HXn0nuIou7OrIPyXbp3wmkHB+jjWRnGsAI=
github.com/chzyer/readline v0.0.0-20180603132655-2972be24d48e/go.mod h1:nSuG5e5PlCu98SY8svDHJxuZscDgtXS6KTTbou5AhLI=
github.com/chzyer/test v0.0.0-20180213035817-a1ea475d72b1/go.mod h1:Q3SI9o4m/ZMnBNeIyt5eFwwo7qiLfzFZmjNmxjkiQlU=
github.com/cloudflare/circl v1.3.3 h1:fE/Qz0QdIGqeWfnwq0RE0R7MI51s0M2E4Ga9kq5AEMs=
github.com/containerd/console v1.0.3 h1:lIr7SlA5PxZyMV30bDW0MGbiOPXwc63yRuCP0ARubLw=
github.com/containerd/console v1.0.3/go.mod h1:7LqA/THxQ86k76b8c/EMSiaJ3h1eZkMkXar0TQ1gf3U=
github.com/cpuguy83/go-md2man/v2 v2.0.2 h1:p1EgwI/C7NhT0JmVkwCD2ZBK8j4aeHQX2pMHHBfMQ6w=
github.com/cpuguy83/go-md2man/v2 v2.0.2/go.mod h1:tgQtvFlXSQOSOSIRvRPT7W67SCa46tRHOmNcaadrF8o=
github.com/cyphar/filepath-securejoin v0.2.4 h1:Ugdm7cg7i6ZK6x3xDF1oEu1nfkyfH53EtKeQYTC3kyg=
github.com/davecgh/go-spew v1.1.0/go.mod h1:J7Y8YcW2NihsgmVo/mv3lAwl/skON4iLHjSsI+c5H38=
github.com/davecgh/go-spew v1.1.1 h1:vj9j/u1bqnvCEfJOwUhtlOARqs3+rkHYY13jYWTU97c=
github.com/davecgh/go-spew v1.1.1/go.mod h1:J7Y8YcW2NihsgmVo/mv3lAwl/skON4iLHjSsI+c5H38=
github.com/dnaeon/go-vcr v1.2.0 h1:zHCHvJYTMh1N7xnV7zf1m1GPBF9Ad0Jk/whtQ1663qI=
github.com/emirpasic/gods v1.18.1 h1:FXtiHYKDGKCW2KzwZKx0iC0PQmdlorYgdFG9jPXJ1Bc=
github.com/fatih/color v1.13.0 h1:8LOYc1KYPPmyKMuN8QV2DNRWNbLo6LZ0iLs8+mlH53w=
github.com/fatih/color v1.13.0/go.mod h1:kLAiJbzzSOZDVNGyDpeOxJ47H46qBXwg5ILebYFFOfk=
github.com/felixge/fgprof v0.9.3 h1:VvyZxILNuCiUCSXtPtYmmtGvb65nqXh2QFWc0Wpf2/g=
github.com/felixge/fgprof v0.9.3/go.mod h1:RdbpDgzqYVh/T9fPELJyV7EYJuHB55UTEULNun8eiPw=
github.com/fsnotify/fsnotify v1.4.7/go.mod h1:jwhsz4b93w/PPRr/qN1Yymfu8t87LnFCMoQvtojpjFo=
github.com/go-git/gcfg v1.5.1-0.20230307220236-3a3c6141e376 h1:+zs/tPmkDkHx3U66DAb0lQFJrpS6731Oaa12ikc+DiI=
github.com/go-git/go-billy/v5 v5.5.0 h1:yEY4yhzCDuMGSv83oGxiBotRzhwhNr8VZyphhiu+mTU=
github.com/go-git/go-git/v5 v5.10.1 h1:tu8/D8i+TWxgKpzQ3Vc43e+kkhXqtsZCKI/egajKnxk=
github.com/go-test/deep v1.0.3 h1:ZrJSEWsXzPOxaZnFteGEfooLba+ju3FYIbOrS+rQd68=
github.com/gofrs/uuid v3.3.0+incompatible h1:8K4tyRfvU1CYPgJsveYFQMhpFd/wXNM7iK6rR7UHz84=
github.com/gofrs/uuid v3.3.0+incompatible/go.mod h1:b2aQJv3Z4Fp6yNu3cdSllBxTCLRxnplIgP/c0N/04lM=
github.com/golang-jwt/jwt/v5 v5.0.0 h1:1n1XNM9hk7O9mnQoNBGolZvzebBQ7p93ULHRc28XJUE=
github.com/golang-jwt/jwt/v5 v5.0.0/go.mod h1:pqrtFR0X4osieyHYxtmOUWsAWrfe1Q5UVIyoH402zdk=
github.com/golang/groupcache v0.0.0-20210331224755-41bb18bfe9da h1:oI5xCqsCo564l8iNU+DwB5epxmsaqB+rhGL0m5jtYqE=
github.com/golang/protobuf v1.2.0/go.mod h1:6lQm79b+lXiMfvg/cZm0SGofjICqVBUtrP5yJMmIC1U=
github.com/golang/protobuf v1.3.1/go.mod h1:6lQm79b+lXiMfvg/cZm0SGofjICqVBUtrP5yJMmIC1U=
github.com/golang/protobuf v1.3.4/go.mod h1:vzj43D7+SQXF/4pzW/hwtAqwc6iTitCiVSaWz5lYuqw=
github.com/golang/protobuf v1.5.0/go.mod h1:FsONVRAS9T7sI+LIUmWTfcYkHO4aIWwzhcaSAoJOfIk=
github.com/golang/protobuf v1.5.2 h1:ROPKBNFfQgOUMifHyP+KYbvpjbdoFNs+aK7DXlji0Tw=
github.com/golang/protobuf v1.5.2/go.mod h1:XVQd3VNwM+JqD3oG2Ue2ip4fOMUkwXdXDdiuN0vRsmY=
github.com/google/go-cmp v0.5.5/go.mod h1:v8dTdLbMG2kIc/vJvl+f65V22dbkXbowE6jgT/gNBxE=
github.com/google/go-cmp v0.6.0 h1:ofyhxvXcZhMsU5ulbFiLKl/XBFqE1GSq7atu8tAmTRI=
github.com/google/go-cmp v0.6.0/go.mod h1:17dUlkBOakJ0+DkrSSNjCkIjxS6bF9zb3elmeNGIjoY=
github.com/google/pprof v0.0.0-20211214055906-6f57359322fd h1:1FjCyPC+syAzJ5/2S8fqdZK1R22vvA0J7JZKcuOIQ7Y=
github.com/google/pprof v0.0.0-20211214055906-6f57359322fd/go.mod h1:KgnwoLYCZ8IQu3XUZ8Nc/bM9CCZFOyjUNOSygVozoDg=
github.com/google/uuid v1.3.1 h1:KjJaJ9iWZ3jOFZIf1Lqf4laDRCasjl0BCmnEGxkdLb4=
github.com/google/uuid v1.3.1/go.mod h1:TIyPZe4MgqvfeYDBFedMoGGpEw/LqOeaOT+nhxU+yHo=
github.com/hashicorp/errwrap v1.0.0 h1:hLrqtEDnRye3+sgx6z4qVLNuviH3MR5aQ0ykNJa/UYA=
github.com/hashicorp/errwrap v1.0.0/go.mod h1:YH+1FKiLXxHSkmPseP+kNlulaMuP3n2brvKWEqk/Jc4=
github.com/hashicorp/go-checkpoint v0.5.0 h1:MFYpPZCnQqQTE18jFwSII6eUQrD/oxMFp3mlgcqk5mU=
github.com/hashicorp/go-cleanhttp v0.5.2 h1:035FKYIWjmULyFRBKPs8TBQoi0x6d9G4xc9neXJWAZQ=
github.com/hashicorp/go-hclog v1.3.1 h1:vDwF1DFNZhntP4DAjuTpOw3uEgMUpXh1pB5fW9DqHpo=
github.com/hashicorp/go-hclog v1.3.1/go.mod h1:W4Qnvbt70Wk/zYJryRzDRU/4r0kIg0PVHBcfoyhpF5M=
github.com/hashicorp/go-multierror v1.1.1 h1:H5DkEtf6CXdFp0N0Em5UCwQpXMWke8IA0+lD48awMYo=
github.com/hashicorp/go-multierror v1.1.1/go.mod h1:iw975J/qwKPdAO1clOe2L8331t/9/fmwbPZ6JB6eMoM=
github.com/hashicorp/go-plugin v1.4.8 h1:CHGwpxYDOttQOY7HOWgETU9dyVjOXzniXDqJcYJE1zM=
github.com/hashicorp/go-plugin v1.4.8/go.mod h1:viDMjcLJuDui6pXb8U4HVfb8AamCWhHGUjr2IrTF67s=
github.com/hashicorp/go-uuid v1.0.3 h1:2gKiV6YVmrJ1i2CKKa9obLvRieoRGviZFL26PcT/Co8=
github.com/hashicorp/go-version v1.6.0 h1:feTTfFNnjP967rlCxM/I9g701jU+RN74YKx2mOkIeek=
github.com/hashicorp/go-version v1.6.0/go.mod h1:fltr4n8CU8Ke44wwGCBoEymUuxUHl09ZGVZPK5anwXA=
github.com/hashicorp/hc-install v0.6.2 h1:V1k+Vraqz4olgZ9UzKiAcbman9i9scg9GgSt/U3mw/M=
github.com/hashicorp/hc-install v0.6.2/go.mod h1:2JBpd+NCFKiHiu/yYCGaPyPHhZLxXTpz8oreHa/a3Ps=
github.com/hashicorp/hcl v0.0.0-20170504190234-a4b07c25de5f h1:UdxlrJz4JOnY8W+DbLISwf2B8WXEolNRA8BGCwI9jws=
github.com/hashicorp/hcl v0.0.0-20170504190234-a4b07c25de5f/go.mod h1:oZtUIOe8dh44I2q6ScRibXws4Ajl+d+nod3AaR9vL5w=
github.com/hashicorp/hcl/v2 v2.17.0 h1:z1XvSUyXd1HP10U4lrLg5e0JMVz6CPaJvAgxM0KNZVY=
github.com/hashicorp/hcl/v2 v2.17.0/go.mod h1:gJyW2PTShkJqQBKpAmPO3yxMxIuoXkOF2TpqXzrQyx4=
github.com/hashicorp/terraform-config-inspect v0.0.0-20221020162138-81db043ad408 h1:dol/gV6vq/QBI1lGTxUEUGr8ixcs4SU79lgCoRMg3pU=
github.com/hashicorp/terraform-config-inspect v0.0.0-20221020162138-81db043ad408/go.mod h1:EAaqp5h9PsUNr6NtgLj31w+ElcCEL+1Svw1Jw+MTVKU=
github.com/hashicorp/terraform-exec v0.20.0 h1:DIZnPsqzPGuUnq6cH8jWcPunBfY+C+M8JyYF3vpnuEo=
github.com/hashicorp/terraform-exec v0.20.0/go.mod h1:ckKGkJWbsNqFKV1itgMnE0hY9IYf1HoiekpuN0eWoDw=
github.com/hashicorp/terraform-json v0.19.0 h1:e9DBKC5sxDfiJT7Zoi+yRIwqLVtFur/fwK/FuE6AWsA=
github.com/hashicorp/terraform-json v0.19.0/go.mod h1:qdeBs11ovMzo5puhrRibdD6d2Dq6TyE/28JiU4tIQxk=
github.com/hashicorp/terraform-plugin-go v0.14.3 h1:nlnJ1GXKdMwsC8g1Nh05tK2wsC3+3BL/DBBxFEki+j0=
github.com/hashicorp/terraform-plugin-go v0.14.3/go.mod h1:7ees7DMZ263q8wQ6E4RdIdR6nHHJtrdt4ogX5lPkX1A=
github.com/hashicorp/yamux v0.0.0-20180604194846-3520598351bb h1:b5rjCoWHc7eqmAS4/qyk21ZsHyb6Mxv/jykxvNTkU4M=
github.com/hashicorp/yamux v0.0.0-20180604194846-3520598351bb/go.mod h1:+NfK9FKeTrX5uv1uIXGdwYDTeHna2qgaIlx54MXqjAM=
github.com/hexops/gotextdiff v1.0.3 h1:gitA9+qJrrTCsiCl7+kh75nPqQt1cx4ZkudSTLoUqJM=
github.com/hexops/gotextdiff v1.0.3/go.mod h1:pSWU5MAI3yDq+fZBTazCSJysOMbxWL1BSow5/V2vxeg=
github.com/hpcloud/tail v1.0.0/go.mod h1:ab1qPbhIpdTxEkNHXyeSf5vhxWSCs/tWer42PpOxQnU=
github.com/ianlancetaylor/demangle v0.0.0-20210905161508-09a460cdf81d/go.mod h1:aYm2/VgdVmcIU8iMfdMvDMsRAQjcfZSKFby6HOFvi/w=
github.com/jbenet/go-context v0.0.0-20150711004518-d14ea06fba99 h1:BQSFePA1RWJOlocH6Fxy8MmwDt+yVQYULKfN0RoTN8A=
github.com/jhump/protoreflect v1.6.0 h1:h5jfMVslIg6l29nsMs0D8Wj17RDVdNYti0vDN/PZZoE=
github.com/kevinburke/ssh_config v1.2.0 h1:x584FjTGwHzMwvHx18PXxbBVzfnxogHaAReU4gf13a4=
github.com/kr/pretty v0.1.0 h1:L/CwN0zerZDmRFUapSPitk6f+Q3+0za1rQkzVuMiMFI=
github.com/kr/pretty v0.1.0/go.mod h1:dAy3ld7l9f0ibDNOQOHHMYYIIbhfbHSm3C4ZsoJORNo=
github.com/kr/pty v1.1.1/go.mod h1:pFQYn66WHrOpPYNljwOMqo10TkYh1fy3cYio2l3bCsQ=
github.com/kr/text v0.1.0 h1:45sCR5RtlFHMR4UwH9sdQ5TC8v0qDQCHnXt+kaKSTVE=
github.com/kr/text v0.1.0/go.mod h1:4Jbv+DJW3UT/LiOwJeYQe1efqtUx/iVham/4vfdArNI=
github.com/kylelemons/godebug v1.1.0 h1:RPNrshWIDI6G2gRW9EHilWtl7Z6Sb1BR0xunSBf0SNc=
github.com/kylelemons/godebug v1.1.0/go.mod h1:9/0rRGxNHcop5bhtWyNeEfOS8JIWk580+fNqagV/RAw=
github.com/lucasb-eyer/go-colorful v1.2.0 h1:1nnpGOrhyZZuNyfu1QjKiUICQ74+3FNCN69Aj6K7nkY=
github.com/lucasb-eyer/go-colorful v1.2.0/go.mod h1:R4dSotOR9KMtayYi1e77YzuveK+i7ruzyGqttikkLy0=
github.com/magodo/armid v0.0.0-20230511151020-27880e5961c3 h1:ob6vk6PlChZvutcxcLnmPH/VNmJEuwz+TmCYCVtJqeA=
github.com/magodo/armid v0.0.0-20230511151020-27880e5961c3/go.mod h1:rR8E7zfGMbmfnSQvrkFiWYdhrfTqsVSltelnZB09BwA=
github.com/magodo/azlist v0.0.0-20231101012443-e30f2da262c1 h1:9SXoK38cfRZac8LwA3BmEhVjuU/JGPb6I3MKvpHA4To=
github.com/magodo/azlist v0.0.0-20231101012443-e30f2da262c1/go.mod h1:xefFDOxzRssOEjGoxvrO8jeTWlzHXbY6sCJYOt+Jh5k=
github.com/magodo/aztft v0.3.1-0.20240429022627-002cdc06267a h1:HYp5h1HOwwrFI6CVSeJTVfnXyO7Es6Kx8cyw3UlomDo=
github.com/magodo/aztft v0.3.1-0.20240429022627-002cdc06267a/go.mod h1:hqk4M4qig7+LTNKeHCNgi+hZfJBndnx4oSNAvP5KT0Y=
github.com/magodo/spinner v0.0.0-20220720073946-50f31b2dc5a6 h1:CElHO4hPXC+Eivy8sUC/WrnH3jmQzdF2x0lEXBEYul8=
github.com/magodo/spinner v0.0.0-20220720073946-50f31b2dc5a6/go.mod h1:Cn4fFwFH/Ddw9sjWPeSS72bNaxbM+FRXf7pkGEDReq8=
github.com/magodo/terraform-client-go v0.0.0-20230323074119-02ceb732dd25 h1:V4R1wcjD/fYQh3Qx/xUyB8xTZgJ7P+WGtHqYpjs+mTU=
github.com/magodo/terraform-client-go v0.0.0-20230323074119-02ceb732dd25/go.mod h1:L12osIvZuDH0/UzrWn3+kiBRXDFTuoYaqF7UfTsbbQA=
github.com/magodo/textinput v0.0.0-20210913072708-7d24f2b4b0c0 h1:aNtr4iNv/tex2t8W1u3scAoNHEnFlTKhNNHOpYStqbs=
github.com/magodo/textinput v0.0.0-20210913072708-7d24f2b4b0c0/go.mod h1:MqYhNP+PC386Bjsx5piZe7T4vDm5QIPv8b1RU0prVnU=
github.com/magodo/tfadd v0.10.1-0.20240412023810-79ace00fe84d h1:NPzZgU+4udgbPuGmwqXuxgdK7f8y86GydHHlXw5KSk0=
github.com/magodo/tfadd v0.10.1-0.20240412023810-79ace00fe84d/go.mod h1:6W2btqbRymCIrUhOlqrBgr/CyCa6lzNvs6fypoveye0=
github.com/magodo/tfmerge v0.0.0-20221214062955-f52e46d03402 h1:RyaR4VE7hoR9AyoVH414cpM8V63H4rLe2aZyKdoDV1w=
github.com/magodo/tfmerge v0.0.0-20221214062955-f52e46d03402/go.mod h1:ssV++b4DH33rsD592bvpS4Peng3ZfdGNZbFgCDkCfj8=
github.com/magodo/tfpluginschema v0.0.0-20220905090502-2d6a05ebaefd h1:L0kTduNwpx60EdBPYOVF9oUY7jdfZHIncvQN490qWd4=
github.com/magodo/tfpluginschema v0.0.0-20220905090502-2d6a05ebaefd/go.mod h1:u625f3VQoOZTAxoDjeDLmrBdKqriRK4OHCpSWt7FQc8=
github.com/magodo/tfstate v0.0.0-20220409052014-9b9568dda918 h1:yZ5ZEMSKZNCM7KpivKhDNNQEZYSDxg0Wyi5p0hQ8dVo=
github.com/magodo/tfstate v0.0.0-20220409052014-9b9568dda918/go.mod h1:BW96zQS6A92qWVONOjviK73K0HlKdt5ufNBioGnOaEs=
github.com/magodo/workerpool v0.0.0-20230119025400-40192d2716ea h1:QK7gPkX5ubzDLTImfsSvAlVv/n/x1smVkeYpECA0mPo=
github.com/magodo/workerpool v0.0.0-20230119025400-40192d2716ea/go.mod h1:oI7XLq0SfJZISAwYhT7DHmi1Fqbr1Q8ZE8gegIe7iAI=
github.com/mattn/go-colorable v0.1.9/go.mod h1:u6P/XSegPjTcexA+o6vUJrdnUu04hMope9wVRipJSqc=
github.com/mattn/go-colorable v0.1.12 h1:jF+Du6AlPIjs2BiUiQlKOX0rt3SujHxPnksPKZbaA40=
github.com/mattn/go-colorable v0.1.12/go.mod h1:u5H1YNBxpqRaxsYJYSkiCWKzEfiAb1Gb520KVy5xxl4=
github.com/mattn/go-isatty v0.0.12/go.mod h1:cbi8OIDigv2wuxKPP5vlRcQ1OAZbq2CE4Kysco4FUpU=
github.com/mattn/go-isatty v0.0.14/go.mod h1:7GGIvUiUoEMVVmxf/4nioHXj79iQHKdU27kJ6hsGG94=
github.com/mattn/go-isatty v0.0.16 h1:bq3VjFmv/sOjHtdEhmkEV4x1AJtvUvOJ2PFAZ5+peKQ=
github.com/mattn/go-isatty v0.0.16/go.mod h1:kYGgaQfpe5nmfYZH+SKPsOc2e4SrIfOl2e/yFXSvRLM=
github.com/mattn/go-localereader v0.0.1 h1:ygSAOl7ZXTx4RdPYinUpg6W99U8jWvWi9Ye2JC/oIi4=
github.com/mattn/go-localereader v0.0.1/go.mod h1:8fBrzywKY7BI3czFoHkuzRoWE9C+EiG4R1k4Cjx5p88=
github.com/mattn/go-runewidth v0.0.10/go.mod h1:RAqKPSqVFrSLVXbA8x7dzmKdmGzieGRCM46jaSJTDAk=
github.com/mattn/go-runewidth v0.0.12/go.mod h1:RAqKPSqVFrSLVXbA8x7dzmKdmGzieGRCM46jaSJTDAk=
github.com/mattn/go-runewidth v0.0.13 h1:lTGmDsbAYt5DmK6OnoV7EuIF1wEIFAcxld6ypU4OSgU=
github.com/mattn/go-runewidth v0.0.13/go.mod h1:Jdepj2loyihRzMpdS35Xk/zdY8IAYHsh153qUoGf23w=
github.com/microsoft/ApplicationInsights-Go v0.4.4 h1:G4+H9WNs6ygSCe6sUyxRc2U81TI5Es90b2t/MwX5KqY=
github.com/microsoft/ApplicationInsights-Go v0.4.4/go.mod h1:fKRUseBqkw6bDiXTs3ESTiU/4YTIHsQS4W3fP2ieF4U=
github.com/mitchellh/go-testing-interface v1.14.1 h1:jrgshOhYAUVNMAJiKbEu7EqAwgJJ2JqpQmpLJOu07cU=
github.com/mitchellh/go-testing-interface v1.14.1/go.mod h1:gfgS7OtZj6MA4U1UrDRp04twqAjfvlZyCfX3sDjEym8=
github.com/mitchellh/go-wordwrap v1.0.0 h1:6GlHJ/LTGMrIJbwgdqdl2eEH8o+Exx/0m8ir9Gns0u4=
github.com/mitchellh/go-wordwrap v1.0.0/go.mod h1:ZXFpozHsX6DPmq2I0TCekCxypsnAUbP2oI0UX1GXzOo=
github.com/muesli/ansi v0.0.0-20211018074035-2e021307bc4b h1:1XF24mVaiu7u+CFywTdcDo2ie1pzzhwjt6RHqzpMU34=
github.com/muesli/ansi v0.0.0-20211018074035-2e021307bc4b/go.mod h1:fQuZ0gauxyBcmsdE3ZT4NasjaRdxmbCS0jRHsrWu3Ho=
github.com/muesli/cancelreader v0.2.0/go.mod h1:3XuTXfFS2VjM+HTLZY9Ak0l6eUKfijIfMUZ4EgX0QYo=
github.com/muesli/cancelreader v0.2.2 h1:3I4Kt4BQjOR54NavqnDogx/MIoWBFa0StPA8ELUXHmA=
github.com/muesli/cancelreader v0.2.2/go.mod h1:3XuTXfFS2VjM+HTLZY9Ak0l6eUKfijIfMUZ4EgX0QYo=
github.com/muesli/reflow v0.2.1-0.20210115123740-9e1d0d53df68/go.mod h1:Xk+z4oIWdQqJzsxyjgl3P22oYZnHdZ8FFTHAQQt5BMQ=
github.com/muesli/reflow v0.3.0 h1:IFsN6K9NfGtjeggFP+68I4chLZV2yIKsXJFNZ+eWh6s=
github.com/muesli/reflow v0.3.0/go.mod h1:pbwTDkVPibjO2kyvBQRBxTWEEGDGq0FlB1BIKtnHY/8=
github.com/muesli/termenv v0.11.1-0.20220204035834-5ac8409525e0/go.mod h1:Bd5NYQ7pd+SrtBSrSNoBBmXlcY8+Xj4BMJgh8qcZrvs=
github.com/muesli/termenv v0.11.1-0.20220212125758-44cd13922739 h1:QANkGiGr39l1EESqrE0gZw0/AJNYzIvoGLhIoVYtluI=
github.com/muesli/termenv v0.11.1-0.20220212125758-44cd13922739/go.mod h1:Bd5NYQ7pd+SrtBSrSNoBBmXlcY8+Xj4BMJgh8qcZrvs=
github.com/oklog/run v1.0.0 h1:Ru7dDtJNOyC66gQ5dQmaCa0qIsAUFY3sFpK1Xk8igrw=
github.com/oklog/run v1.0.0/go.mod h1:dlhp/R75TPv97u0XWUtDeV/lRKWPKSdTuV0TZvrmrQA=
github.com/onsi/ginkgo v1.6.0/go.mod h1:lLunBs/Ym6LB5Z9jYTR76FiuTmxDTDusOGeTQH+WWjE=
github.com/onsi/ginkgo v1.8.0/go.mod h1:lLunBs/Ym6LB5Z9jYTR76FiuTmxDTDusOGeTQH+WWjE=
github.com/onsi/gomega v1.5.0/go.mod h1:ex+gbHU/CVuBBDIJjb2X0qEXbFg53c61hWP/1CpauHY=
github.com/pjbgf/sha1cd v0.3.0 h1:4D5XXmUUBUl/xQ6IjCkEAbqXskkq/4O7LmGn0AqMDs4=
github.com/pkg/browser v0.0.0-20210911075715-681adbf594b8 h1:KoWmjvw+nsYOo29YJK9vDA65RGE3NrOnUtO7a+RF9HU=
github.com/pkg/browser v0.0.0-20210911075715-681adbf594b8/go.mod h1:HKlIX3XHQyzLZPlr7++PzdhaXEj94dEiJgZDTsxEqUI=
github.com/pkg/profile v1.7.0 h1:hnbDkaNWPCLMO9wGLdBFTIZvzDrDfBM2072E1S9gJkA=
github.com/pkg/profile v1.7.0/go.mod h1:8Uer0jas47ZQMJ7VD+OHknK4YDY07LPUC6dEvqDjvNo=
github.com/pmezard/go-difflib v1.0.0 h1:4DBwDE0NGyQoBHbLQYPwSUPoCMWR5BEzIk/f1lZbAQM=
github.com/pmezard/go-difflib v1.0.0/go.mod h1:iKH77koFhYxTK1pcRnkKkqfTogsbg7gZNVY4sRDYZ/4=
github.com/rivo/uniseg v0.1.0/go.mod h1:J6wj4VEh+S6ZtnVlnTBMWIodfgj8LQOQFoIToxlJtxc=
github.com/rivo/uniseg v0.2.0 h1:S1pD9weZBuJdFmowNwbpi7BJ8TNftyUImj/0WQi72jY=
github.com/rivo/uniseg v0.2.0/go.mod h1:J6wj4VEh+S6ZtnVlnTBMWIodfgj8LQOQFoIToxlJtxc=
github.com/russross/blackfriday/v2 v2.1.0 h1:JIOH55/0cWyOuilr9/qlrm0BSXldqnqwMsf35Ld67mk=
github.com/russross/blackfriday/v2 v2.1.0/go.mod h1:+Rmxgy9KzJVeS9/2gXHxylqXiyQDYRxCVz55jmeOWTM=
github.com/sahilm/fuzzy v0.1.0 h1:FzWGaw2Opqyu+794ZQ9SYifWv2EIXpwP4q8dY1kDAwI=
github.com/sahilm/fuzzy v0.1.0/go.mod h1:VFvziUEIMCrT6A6tw2RFIXPXXmzXbOsSHF0DOI8ZK9Y=
github.com/sergi/go-diff v1.2.0 h1:XU+rvMAioB0UC3q1MFrIQy4Vo5/4VsRDQQXHsEya6xQ=
github.com/skeema/knownhosts v1.2.1 h1:SHWdIUa82uGZz+F+47k8SY4QhhI291cXCpopT1lK2AQ=
github.com/stretchr/objx v0.1.0/go.mod h1:HFkY916IF+rwdDfMAkV7OtwuqBVzrE8GR6GFx+wExME=
github.com/stretchr/objx v0.4.0/go.mod h1:YvHI0jy2hoMjB+UWwv71VJQ9isScKT/TqJzVSSt89Yw=
github.com/stretchr/testify v1.6.1/go.mod h1:6Fq8oRcR53rry900zMqJjRRixrwX3KX962/h/Wwjteg=
github.com/stretchr/testify v1.7.1/go.mod h1:6Fq8oRcR53rry900zMqJjRRixrwX3KX962/h/Wwjteg=
github.com/stretchr/testify v1.7.2/go.mod h1:R6va5+xMeoiuVRoj+gSkQ7d3FALtqAAGI1FQKckRals=
github.com/stretchr/testify v1.8.0/go.mod h1:yNjHg4UonilssWZ8iaSj1OCr/vHnekPRkoO+kdMU+MU=
github.com/stretchr/testify v1.8.4 h1:CcVxjf3Q8PM0mHUKJCdn+eZZtm5yQwehR5yeSVQQcUk=
github.com/stretchr/testify v1.8.4/go.mod h1:sz/lmYIOXD/1dqDmKjjqLyZ2RngseejIcXlSw2iwfAo=
github.com/tedsuo/ifrit v0.0.0-20180802180643-bea94bb476cc/go.mod h1:eyZnKCc955uh98WQvzOm0dgAeLnf2O0Rz0LPoC5ze+0=
github.com/tidwall/gjson v1.14.2 h1:6BBkirS0rAHjumnjHF6qgy5d2YAJ1TLIaFE2lzfOLqo=
github.com/tidwall/gjson v1.14.2/go.mod h1:/wbyibRr2FHMks5tjHJ5F8dMZh3AcwJEMf5vlfC0lxk=
github.com/tidwall/match v1.1.1 h1:+Ho715JplO36QYgwN9PGYNhgZvoUSc9X2c80KVTi+GA=
github.com/tidwall/match v1.1.1/go.mod h1:eRSPERbgtNPcGhD8UCthc6PmLEQXEWd3PRB5JTxsfmM=
github.com/tidwall/pretty v1.2.0 h1:RWIZEg2iJ8/g6fDDYzMpobmaoGh5OLl4AXtGUGPcqCs=
github.com/tidwall/pretty v1.2.0/go.mod h1:ITEVvHYasfjBbM0u2Pg8T2nJnzm8xPwvNhhsoaGGjNU=
github.com/tidwall/sjson v1.2.5 h1:kLy8mja+1c9jlljvWTlSazM7cKDRfJuR/bOJhcY5NcY=
github.com/tidwall/sjson v1.2.5/go.mod h1:Fvgq9kS/6ociJEDnK0Fk1cpYF4FIW6ZF7LAe+6jwd28=
github.com/urfave/cli/v2 v2.24.1 h1:/QYYr7g0EhwXEML8jO+8OYt5trPnLHS0p3mrgExJ5NU=
github.com/urfave/cli/v2 v2.24.1/go.mod h1:GHupkWPMM0M/sj1a2b4wUrWBPzazNrIjouW6fmdJLxc=
github.com/vmihailenco/msgpack/v4 v4.3.12 h1:07s4sz9IReOgdikxLTKNbBdqDMLsjPKXwvCazn8G65U=
github.com/vmihailenco/msgpack/v4 v4.3.12/go.mod h1:gborTTJjAo/GWTqqRjrLCn9pgNN+NXzzngzBKDPIqw4=
github.com/vmihailenco/msgpack/v5 v5.3.5 h1:5gO0H1iULLWGhs2H5tbAHIZTV8/cYafcFOr9znI5mJU=
github.com/vmihailenco/msgpack/v5 v5.3.5/go.mod h1:7xyJ9e+0+9SaZT0Wt1RGleJXzli6Q/V5KbhBonMG9jc=
github.com/vmihailenco/tagparser v0.1.1 h1:quXMXlA39OCbd2wAdTsGDlK9RkOk6Wuw+x37wVyIuWY=
github.com/vmihailenco/tagparser v0.1.1/go.mod h1:OeAg3pn3UbLjkWt+rN9oFYB6u/cQgqMEUPoW2WPyhdI=
github.com/vmihailenco/tagparser/v2 v2.0.0 h1:y09buUbR+b5aycVFQs/g70pqKVZNBmxwAhO7/IwNM9g=
github.com/vmihailenco/tagparser/v2 v2.0.0/go.mod h1:Wri+At7QHww0WTrCBeu4J6bNtoV6mEfg5OIWRZA9qds=
github.com/xanzy/ssh-agent v0.3.3 h1:+/15pJfg/RsTxqYcX6fHqOXZwwMP+2VyYWJeWM2qQFM=
github.com/xrash/smetrics v0.0.0-20201216005158-039620a65673 h1:bAn7/zixMGCfxrRTfdpNzjtPYqr8smhKouy9mxVdGPU=
github.com/xrash/smetrics v0.0.0-20201216005158-039620a65673/go.mod h1:N3UwUGtsrSj3ccvlPHLoLsHnpR27oXr4ZE984MbSER8=
github.com/zclconf/go-cty v1.14.1 h1:t9fyA35fwjjUMcmL5hLER+e/rEPqrbCK1/OSE4SI9KA=
github.com/zclconf/go-cty v1.14.1/go.mod h1:VvMs5i0vgZdhYawQNq5kePSpLAoz8u1xvZgrPIxfnZE=
github.com/zclconf/go-cty-debug v0.0.0-20191215020915-b22d67c1ba0b h1:FosyBZYxY34Wul7O/MSKey3txpPYyCqVO5ZyceuQJEI=
golang.org/x/crypto v0.0.0-20190308221718-c2843e01d9a2/go.mod h1:djNgcEr1/C05ACkg1iLfiJU5Ep61QUkGW8qpdssI0+w=
golang.org/x/crypto v0.17.0 h1:r8bRNjWL3GshPW3gkd+RpvzWrZAwPS49OmTGZ/uhM4k=
golang.org/x/crypto v0.17.0/go.mod h1:gCAAfMLgwOJRpTjQ2zCCt2OcSfYMTeZVSRtQlPC7Nq4=
golang.org/x/mod v0.14.0 h1:dGoOF9QVLYng8IHTm7BAyWqCqSheQ5pYWGhzW00YJr0=
golang.org/x/mod v0.14.0/go.mod h1:hTbmBsO62+eylJbnUtE2MGJUyE7QWk4xUqPFrRgJ+7c=
golang.org/x/net v0.0.0-20180906233101-161cd47e91fd/go.mod h1:mL1N/T3taQHkDXs73rZJwtUhF3w3ftmwwsq0BUmARs4=
golang.org/x/net v0.0.0-20190603091049-60506f45cf65/go.mod h1:HSz+uSET+XFnRR8LxR5pz3Of3rY3CfYBVs4xY44aLks=
golang.org/x/net v0.0.0-20200301022130-244492dfa37a/go.mod h1:z5CRVTTTmAJ677TzLLGU+0bjPO0LkuOLi4/5GtJWs/s=
golang.org/x/net v0.18.0 h1:mIYleuAkSbHh0tCv7RvjL3F6ZVbLjq4+R7zbOn3Kokg=
golang.org/x/net v0.18.0/go.mod h1:/czyP5RqHAH4odGYxBJ1qz0+CE5WZ+2j1YgoEo8F2jQ=
golang.org/x/sync v0.0.0-20180314180146-1d60e4601c6f/go.mod h1:RxMgew5VJxzue5/jJTE5uejpjVlOe/izrB70Jof72aM=
golang.org/x/sys v0.0.0-20180909124046-d0be0721c37e/go.mod h1:STP8DvDyc/dI5b8T5hshtkjS+E42TnysNCUPdjciGhY=
golang.org/x/sys v0.0.0-20190215142949-d0b11bdaac8a/go.mod h1:STP8DvDyc/dI5b8T5hshtkjS+E42TnysNCUPdjciGhY=
golang.org/x/sys v0.0.0-20200116001909-b77594299b42/go.mod h1:h1NjWce9XRLGQEsW7wpKNCjG9DtNlClVuFLEZdDNbEs=
golang.org/x/sys v0.0.0-20200223170610-d5e6a3e2c0ae/go.mod h1:h1NjWce9XRLGQEsW7wpKNCjG9DtNlClVuFLEZdDNbEs=
golang.org/x/sys v0.0.0-20210124154548-22da62e12c0c/go.mod h1:h1NjWce9XRLGQEsW7wpKNCjG9DtNlClVuFLEZdDNbEs=
golang.org/x/sys v0.0.0-20210615035016-665e8c7367d1/go.mod h1:oPkhp1MJrh7nUepCBck5+mAzfO9JrbApNNgaTdGDITg=
golang.org/x/sys v0.0.0-20210616045830-e2b7044e8c71/go.mod h1:oPkhp1MJrh7nUepCBck5+mAzfO9JrbApNNgaTdGDITg=
golang.org/x/sys v0.0.0-20210630005230-0f9fa26af87c/go.mod h1:oPkhp1MJrh7nUepCBck5+mAzfO9JrbApNNgaTdGDITg=
golang.org/x/sys v0.0.0-20210927094055-39ccf1dd6fa6/go.mod h1:oPkhp1MJrh7nUepCBck5+mAzfO9JrbApNNgaTdGDITg=
golang.org/x/sys v0.0.0-20211007075335-d3039528d8ac/go.mod h1:oPkhp1MJrh7nUepCBck5+mAzfO9JrbApNNgaTdGDITg=
golang.org/x/sys v0.0.0-20220204135822-1c1b9b1eba6a/go.mod h1:oPkhp1MJrh7nUepCBck5+mAzfO9JrbApNNgaTdGDITg=
golang.org/x/sys v0.0.0-20220209214540-3681064d5158/go.mod h1:oPkhp1MJrh7nUepCBck5+mAzfO9JrbApNNgaTdGDITg=
golang.org/x/sys v0.0.0-20220503163025-988cb79eb6c6/go.mod h1:oPkhp1MJrh7nUepCBck5+mAzfO9JrbApNNgaTdGDITg=
golang.org/x/sys v0.0.0-20220811171246-fbc7d0a398ab/go.mod h1:oPkhp1MJrh7nUepCBck5+mAzfO9JrbApNNgaTdGDITg=
golang.org/x/sys v0.15.0 h1:h48lPFYpsTvQJZF4EKyI4aLHaev3CxivZmv7yZig9pc=
golang.org/x/sys v0.15.0/go.mod h1:/VUhepiaJMQUp4+oa/7Zr1D23ma6VTLIYjOOTFZPUcA=
golang.org/x/term v0.0.0-20210927222741-03fcf44c2211/go.mod h1:jbD1KX2456YbFQfuXm/mYQcufACuNUgVhRMnK/tPxf8=
golang.org/x/term v0.15.0 h1:y/Oo/a/q3IXu26lQgl04j/gjuBDOBlx7X6Om1j2CPW4=
golang.org/x/term v0.15.0/go.mod h1:BDl952bC7+uMoWR75FIrCDx79TPU9oHkTZ9yRbYOrX0=
golang.org/x/text v0.3.0/go.mod h1:NqM8EUOU14njkJ3fqMW+pc6Ldnwhi/IjpwHt7yyuwOQ=
golang.org/x/text v0.3.2/go.mod h1:bEr9sfX3Q8Zfm5fL9x+3itogRgK3+ptLWKqgva+5dAk=
golang.org/x/text v0.3.7/go.mod h1:u+2+/6zg+i71rQMx5EYifcz6MCKuco9NR6JIITiCfzQ=
golang.org/x/text v0.14.0 h1:ScX5w1eTa3QqT8oi6+ziP7dTV1S2+ALU0bI+0zXKWiQ=
golang.org/x/text v0.14.0/go.mod h1:18ZOQIKpY8NJVqYksKHtTdi31H5itFRjB5/qKTNYzSU=
golang.org/x/tools v0.0.0-20180917221912-90fa682c2a6e/go.mod h1:n7NCudcB/nEzxVGmLbDWY5pfWTLqBcC2KZ6jyYvM4mQ=
golang.org/x/tools v0.13.0 h1:Iey4qkscZuv0VvIt8E0neZjtPVQFSc870HQ448QgEmQ=
golang.org/x/xerrors v0.0.0-20191204190536-9bdfabe68543/go.mod h1:I/5z698sn9Ka8TeJc9MKroUUfqBBauWjQqLJ2OPfmY0=
google.golang.org/appengine v1.6.5/go.mod h1:8WjMMxjGQR8xUklV/ARdw2HLXBOI7O7uCIDZVag1xfc=
google.golang.org/appengine v1.6.7 h1:FZR1q0exgwxzPzp/aF+VccGrSfxfPpkBqjIIEq3ru6c=
google.golang.org/appengine v1.6.7/go.mod h1:8WjMMxjGQR8xUklV/ARdw2HLXBOI7O7uCIDZVag1xfc=
google.golang.org/genproto v0.0.0-20230110181048-76db0878b65f h1:BWUVssLB0HVOSY78gIdvk1dTVYtT1y8SBWtPYuTJ/6w=
google.golang.org/genproto v0.0.0-20230110181048-76db0878b65f/go.mod h1:RGgjbofJ8xD9Sq1VVhDM1Vok1vRONV+rg+CjzG4SZKM=
google.golang.org/grpc v1.53.0 h1:LAv2ds7cmFV/XTS3XG1NneeENYrXGmorPxsBbptIjNc=
google.golang.org/grpc v1.53.0/go.mod h1:OnIrk0ipVdj4N5d9IUoFUx72/VlD7+jUsHwZgwSMQpw=
google.golang.org/protobuf v1.26.0-rc.1/go.mod h1:jlhhOSvTdKEhbULTjvd4ARK9grFBp09yW+WbY/TyQbw=
google.golang.org/protobuf v1.26.0/go.mod h1:9q0QmTI4eRPtz6boOQmLYwt+qCgq0jsYwAQnmE0givc=
google.golang.org/protobuf v1.28.1 h1:d0NfwRgPtno5B1Wa6L2DAG+KivqkdutMf1UhdNx175w=
google.golang.org/protobuf v1.28.1/go.mod h1:HV8QOd/L58Z+nl8r43ehVNZIU/HEI6OcFqwMG9pJV4I=
gopkg.in/check.v1 v0.0.0-20161208181325-20d25e280405/go.mod h1:Co6ibVJAznAaIkqp8huTwlJQCZ016jof/cbN4VW5Yz0=
gopkg.in/check.v1 v1.0.0-20180628173108-788fd7840127 h1:qIbj1fsPNlZgppZ+VLlY7N33q108Sa+fhmuc+sWQYwY=
gopkg.in/check.v1 v1.0.0-20180628173108-788fd7840127/go.mod h1:Co6ibVJAznAaIkqp8huTwlJQCZ016jof/cbN4VW5Yz0=
gopkg.in/fsnotify.v1 v1.4.7/go.mod h1:Tz8NjZHkW78fSQdbUxIjBTcgA1z1m8ZHf0WmKUhAMys=
gopkg.in/tomb.v1 v1.0.0-20141024135613-dd632973f1e7/go.mod h1:dt/ZhP58zS4L8KSrWDmTeBkI65Dw0HsyUHuEVlX15mw=
gopkg.in/warnings.v0 v0.1.2 h1:wFXVbFY8DY5/xOe1ECiWdKCzZlxgshcYVNkBHstARME=
gopkg.in/yaml.v2 v2.2.1/go.mod h1:hI93XBmqTisBFMUTm0b8Fm+jr3Dg1NNxqwp+5A1VGuI=
gopkg.in/yaml.v2 v2.4.0 h1:D8xgwECY7CYvx+Y2n4sBz93Jn9JRvxdiyyo8CTfuKaY=
gopkg.in/yaml.v3 v3.0.0-20200313102051-9f266ea9e77c/go.mod h1:K4uyk7z7BCEPqu6E+C64Yfv1cQ7kz7rIZviUmN+EgEM=
gopkg.in/yaml.v3 v3.0.1 h1:fxVm/GzAzEWqLHuvctI91KS9hhNmmWOoWu0XTYJS7CA=
gopkg.in/yaml.v3 v3.0.1/go.mod h1:K4uyk7z7BCEPqu6E+C64Yfv1cQ7kz7rIZviUmN+EgEM=
